
Microsoft Visual Studio Solution File, Format Version 12.00
# Visual Studio Version 17
VisualStudioVersion = 17.5.2.0
MinimumVisualStudioVersion = 10.0.40219.1
Project("{FAE04EC0-301F-11D3-BF4B-00C04F79EFBC}") = "Stride.BepuPhysics.Demo", "Stride.BepuPhysics.Demo\Stride.BepuPhysics.Demo.csproj", "{896ADF17-61AB-0A84-6CC5-82940F2CB6F5}"
EndProject
Project("{FAE04EC0-301F-11D3-BF4B-00C04F79EFBC}") = "Stride.BepuPhysics.Demo.Windows", "Stride.BepuPhysics.Demo.Windows\Stride.BepuPhysics.Demo.Windows.csproj", "{834E3293-C4D5-7997-E728-CDA49695293B}"
EndProject
Global
	GlobalSection(SolutionConfigurationPlatforms) = preSolution
		Debug|Any CPU = Debug|Any CPU
		Release|Any CPU = Release|Any CPU
	EndGlobalSection
	GlobalSection(ProjectConfigurationPlatforms) = postSolution
		{896ADF17-61AB-0A84-6CC5-82940F2CB6F5}.Debug|Any CPU.ActiveCfg = Debug|Any CPU
		{896ADF17-61AB-0A84-6CC5-82940F2CB6F5}.Debug|Any CPU.Build.0 = Debug|Any CPU
		{896ADF17-61AB-0A84-6CC5-82940F2CB6F5}.Release|Any CPU.ActiveCfg = Release|Any CPU
		{896ADF17-61AB-0A84-6CC5-82940F2CB6F5}.Release|Any CPU.Build.0 = Release|Any CPU
		{834E3293-C4D5-7997-E728-CDA49695293B}.Debug|Any CPU.ActiveCfg = Debug|Any CPU
		{834E3293-C4D5-7997-E728-CDA49695293B}.Debug|Any CPU.Build.0 = Debug|Any CPU
		{834E3293-C4D5-7997-E728-CDA49695293B}.Release|Any CPU.ActiveCfg = Release|Any CPU
		{834E3293-C4D5-7997-E728-CDA49695293B}.Release|Any CPU.Build.0 = Release|Any CPU
	EndGlobalSection
	GlobalSection(SolutionProperties) = preSolution
		HideSolutionNode = FALSE
	EndGlobalSection
	GlobalSection(ExtensibilityGlobals) = postSolution
		SolutionGuid = {20835D27-BAB0-4069-AF58-1C285B551FDA}
	EndGlobalSection
EndGlobal
