Microsoft Visual Studio Solution File, Format Version 12.00
# Visual Studio Version 17
VisualStudioVersion = 17.0.31903.59
MinimumVisualStudioVersion = 10.0.40219.1
Project("{FAE04EC0-301F-11D3-BF4B-00C04F79EFBC}") = "MySurvivalGame.Game", "MySurvivalGame.Game\MySurvivalGame.Game.csproj", ""
EndProject
Project("{FAE04EC0-301F-11D3-BF4B-00C04F79EFBC}") = "MySurvivalGame.Windows", "MySurvivalGame.Windows\MySurvivalGame.Windows.csproj", ""
EndProject
Global
	GlobalSection(SolutionConfigurationPlatforms) = preSolution
		Debug|Any CPU = Debug|Any CPU
		Release|Any CPU = Release|Any CPU
	EndGlobalSection
	GlobalSection(ProjectConfigurationPlatforms) = postSolution
		.Debug|Any CPU.ActiveCfg = Debug|Any CPU
		.Debug|Any CPU.Build.0 = Debug|Any CPU
		.Release|Any CPU.ActiveCfg = Release|Any CPU
		.Release|Any CPU.Build.0 = Release|Any CPU
		.Debug|Any CPU.ActiveCfg = Debug|Any CPU
		.Debug|Any CPU.Build.0 = Debug|Any CPU
		.Release|Any CPU.ActiveCfg = Release|Any CPU
		.Release|Any CPU.Build.0 = Release|Any CPU
	EndGlobalSection
	GlobalSection(SolutionProperties) = preSolution
		HideSolutionNode = FALSE
	EndGlobalSection
	GlobalSection(ExtensibilityGlobals) = postSolution
		SolutionGuid = 
	EndGlobalSection
EndGlobal
