
Microsoft Visual Studio Solution File, Format Version 12.00
# Visual Studio Version 17
VisualStudioVersion = 17.2.32516.85
MinimumVisualStudioVersion = 10.0.40219.1
Project("{2150E333-8FDC-42A3-9474-1A3956D46DE8}") = "src", "src", "{5F88D871-B760-4857-BD74-296B07778B15}"
EndProject
Project("{9A19103F-16F7-4668-BE54-9A1E7A4F7556}") = "SDSL", "src\SDSL\SDSL.csproj", "{3A20C614-0B73-4592-B0A3-152FBA7C112C}"
EndProject
Project("{9A19103F-16F7-4668-BE54-9A1E7A4F7556}") = "SDSL.Test", "src\SDSL.Test\SDSL.Test.csproj", "{6D885FCB-C043-4065-BA7E-E4937667B219}"
EndProject
Project("{9A19103F-16F7-4668-BE54-9A1E7A4F7556}") = "CppNet", "src\CppNet\CppNet.csproj", "{C2FD9262-69F8-4B75-9AB1-FF359C9143E9}"
EndProject
Project("{9A19103F-16F7-4668-BE54-9A1E7A4F7556}") = "Spv.Generator", "src\Spv.Generator\Spv.Generator\Spv.Generator.csproj", "{09D8574D-6452-40E2-9724-9C58F446D862}"
EndProject
Project("{FAE04EC0-301F-11D3-BF4B-00C04F79EFBC}") = "SDSL.Benchmarks", "src\SDSL.Benchmarks\SDSL.Benchmarks.csproj", "{A2559EFF-A034-4B58-AF90-A525E32DF61C}"
EndProject
Project("{9A19103F-16F7-4668-BE54-9A1E7A4F7556}") = "Eto.Parse", "src\Eto.Parse\Eto.Parse\Eto.Parse.csproj", "{490CA54A-75FC-431F-A2C2-803F59576E88}"
EndProject
Global
	GlobalSection(SolutionConfigurationPlatforms) = preSolution
		Debug|Any CPU = Debug|Any CPU
		Release|Any CPU = Release|Any CPU
	EndGlobalSection
	GlobalSection(ProjectConfigurationPlatforms) = postSolution
		{3A20C614-0B73-4592-B0A3-152FBA7C112C}.Debug|Any CPU.ActiveCfg = Debug|Any CPU
		{3A20C614-0B73-4592-B0A3-152FBA7C112C}.Debug|Any CPU.Build.0 = Debug|Any CPU
		{3A20C614-0B73-4592-B0A3-152FBA7C112C}.Release|Any CPU.ActiveCfg = Release|Any CPU
		{3A20C614-0B73-4592-B0A3-152FBA7C112C}.Release|Any CPU.Build.0 = Release|Any CPU
		{6D885FCB-C043-4065-BA7E-E4937667B219}.Debug|Any CPU.ActiveCfg = Debug|Any CPU
		{6D885FCB-C043-4065-BA7E-E4937667B219}.Debug|Any CPU.Build.0 = Debug|Any CPU
		{6D885FCB-C043-4065-BA7E-E4937667B219}.Release|Any CPU.ActiveCfg = Release|Any CPU
		{6D885FCB-C043-4065-BA7E-E4937667B219}.Release|Any CPU.Build.0 = Release|Any CPU
		{C2FD9262-69F8-4B75-9AB1-FF359C9143E9}.Debug|Any CPU.ActiveCfg = Debug|Any CPU
		{C2FD9262-69F8-4B75-9AB1-FF359C9143E9}.Debug|Any CPU.Build.0 = Debug|Any CPU
		{C2FD9262-69F8-4B75-9AB1-FF359C9143E9}.Release|Any CPU.ActiveCfg = Release|Any CPU
		{C2FD9262-69F8-4B75-9AB1-FF359C9143E9}.Release|Any CPU.Build.0 = Release|Any CPU
		{09D8574D-6452-40E2-9724-9C58F446D862}.Debug|Any CPU.ActiveCfg = Debug|Any CPU
		{09D8574D-6452-40E2-9724-9C58F446D862}.Debug|Any CPU.Build.0 = Debug|Any CPU
		{09D8574D-6452-40E2-9724-9C58F446D862}.Release|Any CPU.ActiveCfg = Release|Any CPU
		{09D8574D-6452-40E2-9724-9C58F446D862}.Release|Any CPU.Build.0 = Release|Any CPU
		{A2559EFF-A034-4B58-AF90-A525E32DF61C}.Debug|Any CPU.ActiveCfg = Debug|Any CPU
		{A2559EFF-A034-4B58-AF90-A525E32DF61C}.Debug|Any CPU.Build.0 = Debug|Any CPU
		{A2559EFF-A034-4B58-AF90-A525E32DF61C}.Release|Any CPU.ActiveCfg = Release|Any CPU
		{A2559EFF-A034-4B58-AF90-A525E32DF61C}.Release|Any CPU.Build.0 = Release|Any CPU
		{490CA54A-75FC-431F-A2C2-803F59576E88}.Debug|Any CPU.ActiveCfg = Debug|Any CPU
		{490CA54A-75FC-431F-A2C2-803F59576E88}.Debug|Any CPU.Build.0 = Debug|Any CPU
		{490CA54A-75FC-431F-A2C2-803F59576E88}.Release|Any CPU.ActiveCfg = Release|Any CPU
		{490CA54A-75FC-431F-A2C2-803F59576E88}.Release|Any CPU.Build.0 = Release|Any CPU
	EndGlobalSection
	GlobalSection(SolutionProperties) = preSolution
		HideSolutionNode = FALSE
	EndGlobalSection
	GlobalSection(NestedProjects) = preSolution
		{3A20C614-0B73-4592-B0A3-152FBA7C112C} = {5F88D871-B760-4857-BD74-296B07778B15}
		{6D885FCB-C043-4065-BA7E-E4937667B219} = {5F88D871-B760-4857-BD74-296B07778B15}
		{C2FD9262-69F8-4B75-9AB1-FF359C9143E9} = {5F88D871-B760-4857-BD74-296B07778B15}
		{09D8574D-6452-40E2-9724-9C58F446D862} = {5F88D871-B760-4857-BD74-296B07778B15}
		{A2559EFF-A034-4B58-AF90-A525E32DF61C} = {5F88D871-B760-4857-BD74-296B07778B15}
		{490CA54A-75FC-431F-A2C2-803F59576E88} = {5F88D871-B760-4857-BD74-296B07778B15}
	EndGlobalSection
	GlobalSection(ExtensibilityGlobals) = postSolution
		SolutionGuid = {4AF186D8-C065-4788-835B-3C253D65EAE0}
	EndGlobalSection
EndGlobal
