
Microsoft Visual Studio Solution File, Format Version 12.00
# Visual Studio Version 17
VisualStudioVersion = 17.0.31903.59
MinimumVisualStudioVersion = 10.0.40219.1
Project("{2150E333-8FDC-42A3-9474-1A3956D46DE8}") = "src", "src", "{6C34518F-B5D8-42FC-9829-639353525AC4}"
EndProject
Project("{FAE04EC0-301F-11D3-BF4B-00C04F79EFBC}") = "SDSL", "src\SDSL\SDSL.csproj", "{706261F0-8DAB-4985-AD0F-A2ABB139BB6B}"
EndProject
Project("{2150E333-8FDC-42A3-9474-1A3956D46DE8}") = "Eto.Parse", "Eto.Parse", "{7C019933-36A7-414C-B44F-0DF3E83EF1C5}"
EndProject
Project("{FAE04EC0-301F-11D3-BF4B-00C04F79EFBC}") = "Eto.Parse", "src\Eto.Parse\Eto.Parse\Eto.Parse.csproj", "{522AE034-9CC2-434E-9904-F7714B9A0FFC}"
EndProject
Project("{FAE04EC0-301F-11D3-BF4B-00C04F79EFBC}") = "SDSLParserExample", "src\SDSLParserExample\SDSLParserExample.csproj", "{B6775E90-4C27-4D07-9B65-2F653D29908B}"
EndProject
Project("{2150E333-8FDC-42A3-9474-1A3956D46DE8}") = "SoftTouch.Spirv", "SoftTouch.Spirv", "{D962F06D-18A2-496E-94B1-4A591DF0543B}"
EndProject
Project("{2150E333-8FDC-42A3-9474-1A3956D46DE8}") = "src", "src", "{7D992A0D-31F2-42A1-BDA9-3F2D31C6DBE2}"
EndProject
Project("{FAE04EC0-301F-11D3-BF4B-00C04F79EFBC}") = "SoftTouch.Spirv", "src\SoftTouch.Spirv\src\SoftTouch.Spirv\SoftTouch.Spirv.csproj", "{D883080C-FFC3-45B8-8BFF-2D518E584E6F}"
EndProject
Global
	GlobalSection(SolutionConfigurationPlatforms) = preSolution
		Debug|Any CPU = Debug|Any CPU
		Release|Any CPU = Release|Any CPU
	EndGlobalSection
	GlobalSection(SolutionProperties) = preSolution
		HideSolutionNode = FALSE
	EndGlobalSection
	GlobalSection(ProjectConfigurationPlatforms) = postSolution
		{706261F0-8DAB-4985-AD0F-A2ABB139BB6B}.Debug|Any CPU.ActiveCfg = Debug|Any CPU
		{706261F0-8DAB-4985-AD0F-A2ABB139BB6B}.Debug|Any CPU.Build.0 = Debug|Any CPU
		{706261F0-8DAB-4985-AD0F-A2ABB139BB6B}.Release|Any CPU.ActiveCfg = Release|Any CPU
		{706261F0-8DAB-4985-AD0F-A2ABB139BB6B}.Release|Any CPU.Build.0 = Release|Any CPU
		{522AE034-9CC2-434E-9904-F7714B9A0FFC}.Debug|Any CPU.ActiveCfg = Debug|Any CPU
		{522AE034-9CC2-434E-9904-F7714B9A0FFC}.Debug|Any CPU.Build.0 = Debug|Any CPU
		{522AE034-9CC2-434E-9904-F7714B9A0FFC}.Release|Any CPU.ActiveCfg = Release|Any CPU
		{522AE034-9CC2-434E-9904-F7714B9A0FFC}.Release|Any CPU.Build.0 = Release|Any CPU
		{B6775E90-4C27-4D07-9B65-2F653D29908B}.Debug|Any CPU.ActiveCfg = Debug|Any CPU
		{B6775E90-4C27-4D07-9B65-2F653D29908B}.Debug|Any CPU.Build.0 = Debug|Any CPU
		{B6775E90-4C27-4D07-9B65-2F653D29908B}.Release|Any CPU.ActiveCfg = Release|Any CPU
		{B6775E90-4C27-4D07-9B65-2F653D29908B}.Release|Any CPU.Build.0 = Release|Any CPU
		{D883080C-FFC3-45B8-8BFF-2D518E584E6F}.Debug|Any CPU.ActiveCfg = Debug|Any CPU
		{D883080C-FFC3-45B8-8BFF-2D518E584E6F}.Debug|Any CPU.Build.0 = Debug|Any CPU
		{D883080C-FFC3-45B8-8BFF-2D518E584E6F}.Release|Any CPU.ActiveCfg = Release|Any CPU
		{D883080C-FFC3-45B8-8BFF-2D518E584E6F}.Release|Any CPU.Build.0 = Release|Any CPU
	EndGlobalSection
	GlobalSection(NestedProjects) = preSolution
		{706261F0-8DAB-4985-AD0F-A2ABB139BB6B} = {6C34518F-B5D8-42FC-9829-639353525AC4}
		{7C019933-36A7-414C-B44F-0DF3E83EF1C5} = {6C34518F-B5D8-42FC-9829-639353525AC4}
		{522AE034-9CC2-434E-9904-F7714B9A0FFC} = {7C019933-36A7-414C-B44F-0DF3E83EF1C5}
		{B6775E90-4C27-4D07-9B65-2F653D29908B} = {6C34518F-B5D8-42FC-9829-639353525AC4}
		{D962F06D-18A2-496E-94B1-4A591DF0543B} = {6C34518F-B5D8-42FC-9829-639353525AC4}
		{7D992A0D-31F2-42A1-BDA9-3F2D31C6DBE2} = {D962F06D-18A2-496E-94B1-4A591DF0543B}
		{D883080C-FFC3-45B8-8BFF-2D518E584E6F} = {7D992A0D-31F2-42A1-BDA9-3F2D31C6DBE2}
	EndGlobalSection
EndGlobal
