
Microsoft Visual Studio Solution File, Format Version 12.00
# Visual Studio Version 17
VisualStudioVersion = 17.0.31903.59
MinimumVisualStudioVersion = 10.0.40219.1
Project("{2150E333-8FDC-42A3-9474-1A3956D46DE8}") = "src", "src", "{F15E41A8-FD75-462B-9BB0-DCE18A6AD334}"
EndProject
Project("{FAE04EC0-301F-11D3-BF4B-00C04F79EFBC}") = "Stride.Shaders.Parsing", "src\Stride.Shaders.Parsing\Stride.Shaders.Parsing.csproj", "{6641B2F9-0E20-43E5-BF88-44B02B32117B}"
EndProject
Project("{FAE04EC0-301F-11D3-BF4B-00C04F79EFBC}") = "Stride.Shaders.Parsing.Experiments", "src\Stride.Shaders.Parsing.Experiments\Stride.Shaders.Parsing.Experiments.csproj", "{55F0B4B4-8BD5-4957-8D96-BF369E3CCCFD}"
EndProject
Project("{FAE04EC0-301F-11D3-BF4B-00C04F79EFBC}") = "Stride.Shaders.Compilers", "src\Stride.Shaders.Compilers\Stride.Shaders.Compilers.csproj", "{06F65A22-F517-49B4-B4A5-F38D60555B2A}"
EndProject
Project("{FAE04EC0-301F-11D3-BF4B-00C04F79EFBC}") = "Stride.Shaders.LSP", "src\Stride.Shaders.LSP\Stride.Shaders.LSP.csproj", "{E59CE683-4805-4FD3-98EB-4F704C253F1A}"
EndProject
Project("{FAE04EC0-301F-11D3-BF4B-00C04F79EFBC}") = "Stride.Shaders.LSP.Test", "src\Stride.Shaders.LSP.Test\Stride.Shaders.LSP.Test.csproj", "{FB96F2D7-6288-492A-8CB5-2FCE9DB1BA8C}"
EndProject
Project("{2150E333-8FDC-42A3-9474-1A3956D46DE8}") = "Stride.Shaders.Spirv", "Stride.Shaders.Spirv", "{6F9ED3BC-F61F-4FFE-9AC4-F42FDECDFA92}"
EndProject
Project("{FAE04EC0-301F-11D3-BF4B-00C04F79EFBC}") = "Stride.Shaders.Spirv.Core", "src\Stride.Shaders.Spirv\Stride.Shaders.Spirv.Core\Stride.Shaders.Spirv.Core.csproj", "{DDCF65EC-1CF7-4098-B20B-DA6761F6B8E6}"
EndProject
Project("{FAE04EC0-301F-11D3-BF4B-00C04F79EFBC}") = "Stride.Shaders.Spirv", "src\Stride.Shaders.Spirv\Stride.Shaders.Spirv\Stride.Shaders.Spirv.csproj", "{4EC134E1-5B64-497B-B129-4E1B4806E466}"
EndProject
Project("{FAE04EC0-301F-11D3-BF4B-00C04F79EFBC}") = "Stride.Shaders.Spirv.Experiments", "src\Stride.Shaders.Spirv\Stride.Shaders.Spirv.Experiments\Stride.Shaders.Spirv.Experiments.csproj", "{07ED0B5B-BB1A-4B7E-ACBD-C06FC106AF00}"
EndProject
Project("{FAE04EC0-301F-11D3-BF4B-00C04F79EFBC}") = "Stride.Shaders.Spirv.Generators", "src\Stride.Shaders.Spirv\Stride.Shaders.Spirv.Generators\Stride.Shaders.Spirv.Generators.csproj", "{1205976E-A945-4475-AD87-C63527D5A63A}"
EndProject
Project("{FAE04EC0-301F-11D3-BF4B-00C04F79EFBC}") = "Stride.Shaders.Spirv.Core.Benchmarks", "src\Stride.Shaders.Spirv\Stride.Shaders.Spirv.Core.Benchmarks\Stride.Shaders.Spirv.Core.Benchmarks.csproj", "{8A94649E-8A3B-4F7C-85A5-9D38212AAA3C}"
EndProject
Global
	GlobalSection(SolutionConfigurationPlatforms) = preSolution
		Debug|Any CPU = Debug|Any CPU
		Release|Any CPU = Release|Any CPU
	EndGlobalSection
	GlobalSection(SolutionProperties) = preSolution
		HideSolutionNode = FALSE
	EndGlobalSection
	GlobalSection(ProjectConfigurationPlatforms) = postSolution
		{6641B2F9-0E20-43E5-BF88-44B02B32117B}.Debug|Any CPU.ActiveCfg = Debug|Any CPU
		{6641B2F9-0E20-43E5-BF88-44B02B32117B}.Debug|Any CPU.Build.0 = Debug|Any CPU
		{6641B2F9-0E20-43E5-BF88-44B02B32117B}.Release|Any CPU.ActiveCfg = Release|Any CPU
		{6641B2F9-0E20-43E5-BF88-44B02B32117B}.Release|Any CPU.Build.0 = Release|Any CPU
		{55F0B4B4-8BD5-4957-8D96-BF369E3CCCFD}.Debug|Any CPU.ActiveCfg = Debug|Any CPU
		{55F0B4B4-8BD5-4957-8D96-BF369E3CCCFD}.Debug|Any CPU.Build.0 = Debug|Any CPU
		{55F0B4B4-8BD5-4957-8D96-BF369E3CCCFD}.Release|Any CPU.ActiveCfg = Release|Any CPU
		{55F0B4B4-8BD5-4957-8D96-BF369E3CCCFD}.Release|Any CPU.Build.0 = Release|Any CPU
		{06F65A22-F517-49B4-B4A5-F38D60555B2A}.Debug|Any CPU.ActiveCfg = Debug|Any CPU
		{06F65A22-F517-49B4-B4A5-F38D60555B2A}.Debug|Any CPU.Build.0 = Debug|Any CPU
		{06F65A22-F517-49B4-B4A5-F38D60555B2A}.Release|Any CPU.ActiveCfg = Release|Any CPU
		{06F65A22-F517-49B4-B4A5-F38D60555B2A}.Release|Any CPU.Build.0 = Release|Any CPU
		{E59CE683-4805-4FD3-98EB-4F704C253F1A}.Debug|Any CPU.ActiveCfg = Debug|Any CPU
		{E59CE683-4805-4FD3-98EB-4F704C253F1A}.Debug|Any CPU.Build.0 = Debug|Any CPU
		{E59CE683-4805-4FD3-98EB-4F704C253F1A}.Release|Any CPU.ActiveCfg = Release|Any CPU
		{E59CE683-4805-4FD3-98EB-4F704C253F1A}.Release|Any CPU.Build.0 = Release|Any CPU
		{FB96F2D7-6288-492A-8CB5-2FCE9DB1BA8C}.Debug|Any CPU.ActiveCfg = Debug|Any CPU
		{FB96F2D7-6288-492A-8CB5-2FCE9DB1BA8C}.Debug|Any CPU.Build.0 = Debug|Any CPU
		{FB96F2D7-6288-492A-8CB5-2FCE9DB1BA8C}.Release|Any CPU.ActiveCfg = Release|Any CPU
		{FB96F2D7-6288-492A-8CB5-2FCE9DB1BA8C}.Release|Any CPU.Build.0 = Release|Any CPU
		{DDCF65EC-1CF7-4098-B20B-DA6761F6B8E6}.Debug|Any CPU.ActiveCfg = Debug|Any CPU
		{DDCF65EC-1CF7-4098-B20B-DA6761F6B8E6}.Debug|Any CPU.Build.0 = Debug|Any CPU
		{DDCF65EC-1CF7-4098-B20B-DA6761F6B8E6}.Release|Any CPU.ActiveCfg = Release|Any CPU
		{DDCF65EC-1CF7-4098-B20B-DA6761F6B8E6}.Release|Any CPU.Build.0 = Release|Any CPU
		{4EC134E1-5B64-497B-B129-4E1B4806E466}.Debug|Any CPU.ActiveCfg = Debug|Any CPU
		{4EC134E1-5B64-497B-B129-4E1B4806E466}.Debug|Any CPU.Build.0 = Debug|Any CPU
		{4EC134E1-5B64-497B-B129-4E1B4806E466}.Release|Any CPU.ActiveCfg = Release|Any CPU
		{4EC134E1-5B64-497B-B129-4E1B4806E466}.Release|Any CPU.Build.0 = Release|Any CPU
		{07ED0B5B-BB1A-4B7E-ACBD-C06FC106AF00}.Debug|Any CPU.ActiveCfg = Debug|Any CPU
		{07ED0B5B-BB1A-4B7E-ACBD-C06FC106AF00}.Debug|Any CPU.Build.0 = Debug|Any CPU
		{07ED0B5B-BB1A-4B7E-ACBD-C06FC106AF00}.Release|Any CPU.ActiveCfg = Release|Any CPU
		{07ED0B5B-BB1A-4B7E-ACBD-C06FC106AF00}.Release|Any CPU.Build.0 = Release|Any CPU
		{1205976E-A945-4475-AD87-C63527D5A63A}.Debug|Any CPU.ActiveCfg = Debug|Any CPU
		{1205976E-A945-4475-AD87-C63527D5A63A}.Debug|Any CPU.Build.0 = Debug|Any CPU
		{1205976E-A945-4475-AD87-C63527D5A63A}.Release|Any CPU.ActiveCfg = Release|Any CPU
		{1205976E-A945-4475-AD87-C63527D5A63A}.Release|Any CPU.Build.0 = Release|Any CPU
		{8A94649E-8A3B-4F7C-85A5-9D38212AAA3C}.Debug|Any CPU.ActiveCfg = Debug|Any CPU
		{8A94649E-8A3B-4F7C-85A5-9D38212AAA3C}.Debug|Any CPU.Build.0 = Debug|Any CPU
		{8A94649E-8A3B-4F7C-85A5-9D38212AAA3C}.Release|Any CPU.ActiveCfg = Release|Any CPU
		{8A94649E-8A3B-4F7C-85A5-9D38212AAA3C}.Release|Any CPU.Build.0 = Release|Any CPU
	EndGlobalSection
	GlobalSection(NestedProjects) = preSolution
		{6641B2F9-0E20-43E5-BF88-44B02B32117B} = {F15E41A8-FD75-462B-9BB0-DCE18A6AD334}
		{55F0B4B4-8BD5-4957-8D96-BF369E3CCCFD} = {F15E41A8-FD75-462B-9BB0-DCE18A6AD334}
		{06F65A22-F517-49B4-B4A5-F38D60555B2A} = {F15E41A8-FD75-462B-9BB0-DCE18A6AD334}
		{E59CE683-4805-4FD3-98EB-4F704C253F1A} = {F15E41A8-FD75-462B-9BB0-DCE18A6AD334}
		{FB96F2D7-6288-492A-8CB5-2FCE9DB1BA8C} = {F15E41A8-FD75-462B-9BB0-DCE18A6AD334}
		{6F9ED3BC-F61F-4FFE-9AC4-F42FDECDFA92} = {F15E41A8-FD75-462B-9BB0-DCE18A6AD334}
		{DDCF65EC-1CF7-4098-B20B-DA6761F6B8E6} = {6F9ED3BC-F61F-4FFE-9AC4-F42FDECDFA92}
		{4EC134E1-5B64-497B-B129-4E1B4806E466} = {6F9ED3BC-F61F-4FFE-9AC4-F42FDECDFA92}
		{07ED0B5B-BB1A-4B7E-ACBD-C06FC106AF00} = {6F9ED3BC-F61F-4FFE-9AC4-F42FDECDFA92}
		{1205976E-A945-4475-AD87-C63527D5A63A} = {6F9ED3BC-F61F-4FFE-9AC4-F42FDECDFA92}
		{8A94649E-8A3B-4F7C-85A5-9D38212AAA3C} = {6F9ED3BC-F61F-4FFE-9AC4-F42FDECDFA92}
	EndGlobalSection
EndGlobal
