
Microsoft Visual Studio Solution File, Format Version 12.00
# Visual Studio Version 17
VisualStudioVersion = 17.0.31903.59
MinimumVisualStudioVersion = 10.0.40219.1
Project("{2150E333-8FDC-42A3-9474-1A3956D46DE8}") = "src", "src", "{9B25B78A-8418-4161-99D6-5E84611BDA59}"
EndProject
Project("{FAE04EC0-301F-11D3-BF4B-00C04F79EFBC}") = "Stride.Shaders.Spirv.Generators", "src\Stride.Shaders.Spirv.Generators\Stride.Shaders.Spirv.Generators.csproj", "{C61EE276-91AA-4EDB-9E19-8BD8321FE13D}"
EndProject
Project("{FAE04EC0-301F-11D3-BF4B-00C04F79EFBC}") = "Stride.Shaders.Spirv.Core", "src\Stride.Shaders.Spirv.Core\Stride.Shaders.Spirv.Core.csproj", "{C723E631-41D8-4797-86C3-9D52711CC849}"
EndProject
Project("{FAE04EC0-301F-11D3-BF4B-00C04F79EFBC}") = "Stride.Shaders", "src\Stride.Shaders\Stride.Shaders.csproj", "{595979CB-8447-4EA0-9A9F-0CBD8B9442BB}"
EndProject
Project("{FAE04EC0-301F-11D3-BF4B-00C04F79EFBC}") = "Stride.Shaders.Parsing.Tests", "src\Stride.Shaders.Tests\Stride.Shaders.Parsing.Tests.csproj", "{35A9F4C4-F5C8-4D84-9688-6FAB30E49AC7}"
EndProject
Project("{FAE04EC0-301F-11D3-BF4B-00C04F79EFBC}") = "Stride.Shaders.LSP", "src\Stride.Shaders.LSP\Stride.Shaders.LSP.csproj", "{4F8838DA-16F0-4EC0-A0A4-8F89F47E35C5}"
EndProject
Project("{FAE04EC0-301F-11D3-BF4B-00C04F79EFBC}") = "Stride.Shaders.Compilers", "src\Stride.Shaders.Compilers\Stride.Shaders.Compilers.csproj", "{32B1203D-8160-455A-9F00-8097119B7EB4}"
EndProject
Project("{FAE04EC0-301F-11D3-BF4B-00C04F79EFBC}") = "Stride.Shaders.Experiments", "src\Stride.Shaders.Experiments\Stride.Shaders.Experiments.csproj", "{11FFBEAC-C3B8-49FA-9C6A-B0DDDA48EBE6}"
EndProject
Global
	GlobalSection(SolutionConfigurationPlatforms) = preSolution
		Debug|Any CPU = Debug|Any CPU
		Release|Any CPU = Release|Any CPU
	EndGlobalSection
	GlobalSection(ProjectConfigurationPlatforms) = postSolution
		{C61EE276-91AA-4EDB-9E19-8BD8321FE13D}.Debug|Any CPU.ActiveCfg = Debug|Any CPU
		{C61EE276-91AA-4EDB-9E19-8BD8321FE13D}.Debug|Any CPU.Build.0 = Debug|Any CPU
		{C61EE276-91AA-4EDB-9E19-8BD8321FE13D}.Release|Any CPU.ActiveCfg = Release|Any CPU
		{C61EE276-91AA-4EDB-9E19-8BD8321FE13D}.Release|Any CPU.Build.0 = Release|Any CPU
		{C723E631-41D8-4797-86C3-9D52711CC849}.Debug|Any CPU.ActiveCfg = Debug|Any CPU
		{C723E631-41D8-4797-86C3-9D52711CC849}.Debug|Any CPU.Build.0 = Debug|Any CPU
		{C723E631-41D8-4797-86C3-9D52711CC849}.Release|Any CPU.ActiveCfg = Release|Any CPU
		{C723E631-41D8-4797-86C3-9D52711CC849}.Release|Any CPU.Build.0 = Release|Any CPU
		{595979CB-8447-4EA0-9A9F-0CBD8B9442BB}.Debug|Any CPU.ActiveCfg = Debug|Any CPU
		{595979CB-8447-4EA0-9A9F-0CBD8B9442BB}.Debug|Any CPU.Build.0 = Debug|Any CPU
		{595979CB-8447-4EA0-9A9F-0CBD8B9442BB}.Release|Any CPU.ActiveCfg = Release|Any CPU
		{595979CB-8447-4EA0-9A9F-0CBD8B9442BB}.Release|Any CPU.Build.0 = Release|Any CPU
		{35A9F4C4-F5C8-4D84-9688-6FAB30E49AC7}.Debug|Any CPU.ActiveCfg = Debug|Any CPU
		{35A9F4C4-F5C8-4D84-9688-6FAB30E49AC7}.Debug|Any CPU.Build.0 = Debug|Any CPU
		{35A9F4C4-F5C8-4D84-9688-6FAB30E49AC7}.Release|Any CPU.ActiveCfg = Release|Any CPU
		{35A9F4C4-F5C8-4D84-9688-6FAB30E49AC7}.Release|Any CPU.Build.0 = Release|Any CPU
		{4F8838DA-16F0-4EC0-A0A4-8F89F47E35C5}.Debug|Any CPU.ActiveCfg = Debug|Any CPU
		{4F8838DA-16F0-4EC0-A0A4-8F89F47E35C5}.Debug|Any CPU.Build.0 = Debug|Any CPU
		{4F8838DA-16F0-4EC0-A0A4-8F89F47E35C5}.Release|Any CPU.ActiveCfg = Release|Any CPU
		{4F8838DA-16F0-4EC0-A0A4-8F89F47E35C5}.Release|Any CPU.Build.0 = Release|Any CPU
		{32B1203D-8160-455A-9F00-8097119B7EB4}.Debug|Any CPU.ActiveCfg = Debug|Any CPU
		{32B1203D-8160-455A-9F00-8097119B7EB4}.Debug|Any CPU.Build.0 = Debug|Any CPU
		{32B1203D-8160-455A-9F00-8097119B7EB4}.Release|Any CPU.ActiveCfg = Release|Any CPU
		{32B1203D-8160-455A-9F00-8097119B7EB4}.Release|Any CPU.Build.0 = Release|Any CPU
		{11FFBEAC-C3B8-49FA-9C6A-B0DDDA48EBE6}.Debug|Any CPU.ActiveCfg = Debug|Any CPU
		{11FFBEAC-C3B8-49FA-9C6A-B0DDDA48EBE6}.Debug|Any CPU.Build.0 = Debug|Any CPU
		{11FFBEAC-C3B8-49FA-9C6A-B0DDDA48EBE6}.Release|Any CPU.ActiveCfg = Release|Any CPU
		{11FFBEAC-C3B8-49FA-9C6A-B0DDDA48EBE6}.Release|Any CPU.Build.0 = Release|Any CPU
	EndGlobalSection
	GlobalSection(SolutionProperties) = preSolution
		HideSolutionNode = FALSE
	EndGlobalSection
	GlobalSection(NestedProjects) = preSolution
		{C61EE276-91AA-4EDB-9E19-8BD8321FE13D} = {9B25B78A-8418-4161-99D6-5E84611BDA59}
		{C723E631-41D8-4797-86C3-9D52711CC849} = {9B25B78A-8418-4161-99D6-5E84611BDA59}
		{595979CB-8447-4EA0-9A9F-0CBD8B9442BB} = {9B25B78A-8418-4161-99D6-5E84611BDA59}
		{35A9F4C4-F5C8-4D84-9688-6FAB30E49AC7} = {9B25B78A-8418-4161-99D6-5E84611BDA59}
		{4F8838DA-16F0-4EC0-A0A4-8F89F47E35C5} = {9B25B78A-8418-4161-99D6-5E84611BDA59}
		{32B1203D-8160-455A-9F00-8097119B7EB4} = {9B25B78A-8418-4161-99D6-5E84611BDA59}
		{11FFBEAC-C3B8-49FA-9C6A-B0DDDA48EBE6} = {9B25B78A-8418-4161-99D6-5E84611BDA59}
	EndGlobalSection
EndGlobal
