
Microsoft Visual Studio Solution File, Format Version 12.00
# Visual Studio Version 16
VisualStudioVersion = 16.0.30114.105
MinimumVisualStudioVersion = 10.0.40219.1
Project("{2150E333-8FDC-42A3-9474-1A3956D46DE8}") = "src", "src", "{5F88D871-B760-4857-BD74-296B07778B15}"
EndProject
Project("{FAE04EC0-301F-11D3-BF4B-00C04F79EFBC}") = "SDSLParserExample", "src\SDSLParserExample\SDSLParserExample.csproj", "{04B29CCB-301A-4B1B-8EE2-3866DDAA86CD}"
EndProject
Project("{FAE04EC0-301F-11D3-BF4B-00C04F79EFBC}") = "Stride.Shader.Parsing", "src\Stride.Shader.Parsing\Stride.Shader.Parsing.csproj", "{3A20C614-0B73-4592-B0A3-152FBA7C112C}"
EndProject
Project("{FAE04EC0-301F-11D3-BF4B-00C04F79EFBC}") = "Stride.Shader.Parsing.Test", "src\Stride.Shader.Parsing.Test\Stride.Shader.Parsing.Test.csproj", "{6D885FCB-C043-4065-BA7E-E4937667B219}"
EndProject
Global
	GlobalSection(SolutionConfigurationPlatforms) = preSolution
		Debug|Any CPU = Debug|Any CPU
		Release|Any CPU = Release|Any CPU
	EndGlobalSection
	GlobalSection(SolutionProperties) = preSolution
		HideSolutionNode = FALSE
	EndGlobalSection
	GlobalSection(ProjectConfigurationPlatforms) = postSolution
		{04B29CCB-301A-4B1B-8EE2-3866DDAA86CD}.Debug|Any CPU.ActiveCfg = Debug|Any CPU
		{04B29CCB-301A-4B1B-8EE2-3866DDAA86CD}.Debug|Any CPU.Build.0 = Debug|Any CPU
		{04B29CCB-301A-4B1B-8EE2-3866DDAA86CD}.Release|Any CPU.ActiveCfg = Release|Any CPU
		{04B29CCB-301A-4B1B-8EE2-3866DDAA86CD}.Release|Any CPU.Build.0 = Release|Any CPU
		{3A20C614-0B73-4592-B0A3-152FBA7C112C}.Debug|Any CPU.ActiveCfg = Debug|Any CPU
		{3A20C614-0B73-4592-B0A3-152FBA7C112C}.Debug|Any CPU.Build.0 = Debug|Any CPU
		{3A20C614-0B73-4592-B0A3-152FBA7C112C}.Release|Any CPU.ActiveCfg = Release|Any CPU
		{3A20C614-0B73-4592-B0A3-152FBA7C112C}.Release|Any CPU.Build.0 = Release|Any CPU
		{6D885FCB-C043-4065-BA7E-E4937667B219}.Debug|Any CPU.ActiveCfg = Debug|Any CPU
		{6D885FCB-C043-4065-BA7E-E4937667B219}.Debug|Any CPU.Build.0 = Debug|Any CPU
		{6D885FCB-C043-4065-BA7E-E4937667B219}.Release|Any CPU.ActiveCfg = Release|Any CPU
		{6D885FCB-C043-4065-BA7E-E4937667B219}.Release|Any CPU.Build.0 = Release|Any CPU
	EndGlobalSection
	GlobalSection(NestedProjects) = preSolution
		{04B29CCB-301A-4B1B-8EE2-3866DDAA86CD} = {5F88D871-B760-4857-BD74-296B07778B15}
		{3A20C614-0B73-4592-B0A3-152FBA7C112C} = {5F88D871-B760-4857-BD74-296B07778B15}
		{6D885FCB-C043-4065-BA7E-E4937667B219} = {5F88D871-B760-4857-BD74-296B07778B15}
	EndGlobalSection
EndGlobal
