Microsoft Visual Studio Solution File, Format Version 12.00
# Visual Studio Version 17
VisualStudioVersion = 17.6.33723.286
MinimumVisualStudioVersion = 16.0.0.0
Project("{9A19103F-16F7-4668-BE54-9A1E7A4F7556}") = "BepuPhysicIntegrationTest.Windows", "BepuPhysicIntegrationTest.Windows\BepuPhysicIntegrationTest.Windows.csproj", "{A2982DAA-B808-4576-BEDA-940CA4AC3497}"
EndProject
Project("{9A19103F-16F7-4668-BE54-9A1E7A4F7556}") = "BepuPhysicIntegrationTest", "BepuPhysicIntegrationTest\BepuPhysicIntegrationTest.csproj", "{121F0477-E857-4C0A-B4FE-7C6A953B00D3}"
EndProject
Global
	GlobalSection(SolutionConfigurationPlatforms) = preSolution
		Debug|Any CPU = Debug|Any CPU
		Release|Any CPU = Release|Any CPU
	EndGlobalSection
	GlobalSection(ProjectConfigurationPlatforms) = postSolution
		{A2982DAA-B808-4576-BEDA-940CA4AC3497}.Debug|Any CPU.ActiveCfg = Debug|Any CPU
		{A2982DAA-B808-4576-BEDA-940CA4AC3497}.Debug|Any CPU.Build.0 = Debug|Any CPU
		{A2982DAA-B808-4576-BEDA-940CA4AC3497}.Release|Any CPU.ActiveCfg = Release|Any CPU
		{A2982DAA-B808-4576-BEDA-940CA4AC3497}.Release|Any CPU.Build.0 = Release|Any CPU
		{121F0477-E857-4C0A-B4FE-7C6A953B00D3}.Debug|Any CPU.ActiveCfg = Debug|Any CPU
		{121F0477-E857-4C0A-B4FE-7C6A953B00D3}.Debug|Any CPU.Build.0 = Debug|Any CPU
		{121F0477-E857-4C0A-B4FE-7C6A953B00D3}.Release|Any CPU.ActiveCfg = Release|Any CPU
		{121F0477-E857-4C0A-B4FE-7C6A953B00D3}.Release|Any CPU.Build.0 = Release|Any CPU
	EndGlobalSection
	GlobalSection(SolutionProperties) = preSolution
		HideSolutionNode = FALSE
	EndGlobalSection
EndGlobal
