
Microsoft Visual Studio Solution File, Format Version 12.00
# Visual Studio Version 17
VisualStudioVersion = 17.6.33723.286
MinimumVisualStudioVersion = 16.0.0.0
Project("{9A19103F-16F7-4668-BE54-9A1E7A4F7556}") = "Stride.BepuPhysics", "Stride.BepuPhysics\Stride.BepuPhysics.csproj", "{EDE3B1CA-4FAD-46A4-BEA5-A76F0693D405}"
EndProject
Project("{9A19103F-16F7-4668-BE54-9A1E7A4F7556}") = "Stride.BepuPhysics.Demo", "Stride.BepuPhysics.Demo\Stride.BepuPhysics.Demo.csproj", "{C72D80DB-B3A3-49F3-AB1A-A7FCF01959AF}"
EndProject
Project("{9A19103F-16F7-4668-BE54-9A1E7A4F7556}") = "Stride.BepuPhysics.Demo.Windows", "Stride.BepuPhysics.Demo.Windows\Stride.BepuPhysics.Demo.Windows.csproj", "{BEAAC47E-F3B6-4D25-A5AF-E571EC07EBA0}"
EndProject
Project("{9A19103F-16F7-4668-BE54-9A1E7A4F7556}") = "Stride.BepuPhysics.Navigation", "Stride.BepuPhysics.Navigation\Stride.BepuPhysics.Navigation.csproj", "{B40B5174-1168-421E-AF88-18B32E82E96D}"
EndProject
Project("{2150E333-8FDC-42A3-9474-1A3956D46DE8}") = "Lib", "Lib", "{14C709A0-3501-4B9E-8E1B-B818B1C76900}"
EndProject
Project("{2150E333-8FDC-42A3-9474-1A3956D46DE8}") = "Demo", "Demo", "{1B9A3C8D-B179-48DB-A4E5-783EA9B0096D}"
EndProject
Project("{9A19103F-16F7-4668-BE54-9A1E7A4F7556}") = "Stride.BepuPhysics.Soft", "Stride.BepuPhysics.Soft\Stride.BepuPhysics.Soft.csproj", "{AEFB2C45-4FC5-4285-9E4B-2345E82772EB}"
EndProject
Project("{9A19103F-16F7-4668-BE54-9A1E7A4F7556}") = "Stride.BepuPhysics.DebugRender", "Stride.BepuPhysics.DebugRender\Stride.BepuPhysics.DebugRender.csproj", "{3191FAA2-8D8B-48C6-A477-8D4655FED599}"
EndProject
Global
	GlobalSection(SolutionConfigurationPlatforms) = preSolution
		Debug|Any CPU = Debug|Any CPU
		Release|Any CPU = Release|Any CPU
	EndGlobalSection
	GlobalSection(ProjectConfigurationPlatforms) = postSolution
		{EDE3B1CA-4FAD-46A4-BEA5-A76F0693D405}.Debug|Any CPU.ActiveCfg = Debug|Any CPU
		{EDE3B1CA-4FAD-46A4-BEA5-A76F0693D405}.Debug|Any CPU.Build.0 = Debug|Any CPU
		{EDE3B1CA-4FAD-46A4-BEA5-A76F0693D405}.Release|Any CPU.ActiveCfg = Release|Any CPU
		{EDE3B1CA-4FAD-46A4-BEA5-A76F0693D405}.Release|Any CPU.Build.0 = Release|Any CPU
		{C72D80DB-B3A3-49F3-AB1A-A7FCF01959AF}.Debug|Any CPU.ActiveCfg = Debug|Any CPU
		{C72D80DB-B3A3-49F3-AB1A-A7FCF01959AF}.Debug|Any CPU.Build.0 = Debug|Any CPU
		{C72D80DB-B3A3-49F3-AB1A-A7FCF01959AF}.Release|Any CPU.ActiveCfg = Release|Any CPU
		{C72D80DB-B3A3-49F3-AB1A-A7FCF01959AF}.Release|Any CPU.Build.0 = Release|Any CPU
		{BEAAC47E-F3B6-4D25-A5AF-E571EC07EBA0}.Debug|Any CPU.ActiveCfg = Debug|Any CPU
		{BEAAC47E-F3B6-4D25-A5AF-E571EC07EBA0}.Debug|Any CPU.Build.0 = Debug|Any CPU
		{BEAAC47E-F3B6-4D25-A5AF-E571EC07EBA0}.Release|Any CPU.ActiveCfg = Release|Any CPU
		{BEAAC47E-F3B6-4D25-A5AF-E571EC07EBA0}.Release|Any CPU.Build.0 = Release|Any CPU
		{B40B5174-1168-421E-AF88-18B32E82E96D}.Debug|Any CPU.ActiveCfg = Debug|Any CPU
		{B40B5174-1168-421E-AF88-18B32E82E96D}.Debug|Any CPU.Build.0 = Debug|Any CPU
		{B40B5174-1168-421E-AF88-18B32E82E96D}.Release|Any CPU.ActiveCfg = Release|Any CPU
		{B40B5174-1168-421E-AF88-18B32E82E96D}.Release|Any CPU.Build.0 = Release|Any CPU
		{AEFB2C45-4FC5-4285-9E4B-2345E82772EB}.Debug|Any CPU.ActiveCfg = Debug|Any CPU
		{AEFB2C45-4FC5-4285-9E4B-2345E82772EB}.Debug|Any CPU.Build.0 = Debug|Any CPU
		{AEFB2C45-4FC5-4285-9E4B-2345E82772EB}.Release|Any CPU.ActiveCfg = Release|Any CPU
		{AEFB2C45-4FC5-4285-9E4B-2345E82772EB}.Release|Any CPU.Build.0 = Release|Any CPU
		{3191FAA2-8D8B-48C6-A477-8D4655FED599}.Debug|Any CPU.ActiveCfg = Debug|Any CPU
		{3191FAA2-8D8B-48C6-A477-8D4655FED599}.Debug|Any CPU.Build.0 = Debug|Any CPU
		{3191FAA2-8D8B-48C6-A477-8D4655FED599}.Release|Any CPU.ActiveCfg = Release|Any CPU
		{3191FAA2-8D8B-48C6-A477-8D4655FED599}.Release|Any CPU.Build.0 = Release|Any CPU
	EndGlobalSection
	GlobalSection(SolutionProperties) = preSolution
		HideSolutionNode = FALSE
	EndGlobalSection
	GlobalSection(NestedProjects) = preSolution
		{EDE3B1CA-4FAD-46A4-BEA5-A76F0693D405} = {14C709A0-3501-4B9E-8E1B-B818B1C76900}
		{C72D80DB-B3A3-49F3-AB1A-A7FCF01959AF} = {1B9A3C8D-B179-48DB-A4E5-783EA9B0096D}
		{BEAAC47E-F3B6-4D25-A5AF-E571EC07EBA0} = {1B9A3C8D-B179-48DB-A4E5-783EA9B0096D}
		{B40B5174-1168-421E-AF88-18B32E82E96D} = {14C709A0-3501-4B9E-8E1B-B818B1C76900}
		{AEFB2C45-4FC5-4285-9E4B-2345E82772EB} = {14C709A0-3501-4B9E-8E1B-B818B1C76900}
		{3191FAA2-8D8B-48C6-A477-8D4655FED599} = {14C709A0-3501-4B9E-8E1B-B818B1C76900}
	EndGlobalSection
	GlobalSection(ExtensibilityGlobals) = postSolution
		SolutionGuid = {10B0CB5D-C84D-4802-A91A-7762CBCAE0BD}
	EndGlobalSection
EndGlobal
