
Microsoft Visual Studio Solution File, Format Version 12.00
# Visual Studio Version 16
VisualStudioVersion = 16.0.29326.143
MinimumVisualStudioVersion = 15.0.26228.4
Project("{8BC9CEB8-8B4A-11D0-8D11-00A0C91BC942}") = "DxtWrapper", "DxtWrapper\DxtWrapper.vcxproj", "{29F41E6E-532D-440E-941B-0CD13EE96B6F}"
	ProjectSection(ProjectDependencies) = postProject
		{371B9FA9-4C90-4AC6-A123-ACED756D6C77} = {371B9FA9-4C90-4AC6-A123-ACED756D6C77}
	EndProjectSection
EndProject
Project("{9A19103F-16F7-4668-BE54-9A1E7A4F7556}") = "FreeImage.NET", "FreeImage.Net\FreeImage.NET.csproj", "{6598A7CD-8F27-4D3F-A675-5AE63113A7C3}"
EndProject
Project("{8BC9CEB8-8B4A-11D0-8D11-00A0C91BC942}") = "PvrttWrapper", "PvrttWrapperC++\PvrttWrapperC++.vcxproj", "{B8B85886-0F82-4FF3-BCD5-8EAE7EA19EA5}"
EndProject
Project("{8BC9CEB8-8B4A-11D0-8D11-00A0C91BC942}") = "DirectXTex", "DirectXTex\DirectXTex_Desktop_2017.vcxproj", "{371B9FA9-4C90-4AC6-A123-ACED756D6C77}"
EndProject
Global
	GlobalSection(SolutionConfigurationPlatforms) = preSolution
		Debug|Any CPU = Debug|Any CPU
		Debug|Mixed Platforms = Debug|Mixed Platforms
		Debug|Win32 = Debug|Win32
		Debug|x64 = Debug|x64
		Debug|x86 = Debug|x86
		Profile|Any CPU = Profile|Any CPU
		Profile|Mixed Platforms = Profile|Mixed Platforms
		Profile|Win32 = Profile|Win32
		Profile|x64 = Profile|x64
		Profile|x86 = Profile|x86
		Release|Any CPU = Release|Any CPU
		Release|Mixed Platforms = Release|Mixed Platforms
		Release|Win32 = Release|Win32
		Release|x64 = Release|x64
		Release|x86 = Release|x86
	EndGlobalSection
	GlobalSection(ProjectConfigurationPlatforms) = postSolution
		{29F41E6E-532D-440E-941B-0CD13EE96B6F}.Debug|Any CPU.ActiveCfg = Debug|Win32
		{29F41E6E-532D-440E-941B-0CD13EE96B6F}.Debug|Mixed Platforms.ActiveCfg = Debug|Win32
		{29F41E6E-532D-440E-941B-0CD13EE96B6F}.Debug|Mixed Platforms.Build.0 = Debug|Win32
		{29F41E6E-532D-440E-941B-0CD13EE96B6F}.Debug|Win32.ActiveCfg = Debug|Win32
		{29F41E6E-532D-440E-941B-0CD13EE96B6F}.Debug|Win32.Build.0 = Debug|Win32
		{29F41E6E-532D-440E-941B-0CD13EE96B6F}.Debug|x64.ActiveCfg = Debug|x64
		{29F41E6E-532D-440E-941B-0CD13EE96B6F}.Debug|x64.Build.0 = Debug|x64
		{29F41E6E-532D-440E-941B-0CD13EE96B6F}.Debug|x86.ActiveCfg = Debug|Win32
		{29F41E6E-532D-440E-941B-0CD13EE96B6F}.Debug|x86.Build.0 = Debug|Win32
		{29F41E6E-532D-440E-941B-0CD13EE96B6F}.Profile|Any CPU.ActiveCfg = Release|Win32
		{29F41E6E-532D-440E-941B-0CD13EE96B6F}.Profile|Mixed Platforms.ActiveCfg = Release|Win32
		{29F41E6E-532D-440E-941B-0CD13EE96B6F}.Profile|Mixed Platforms.Build.0 = Release|Win32
		{29F41E6E-532D-440E-941B-0CD13EE96B6F}.Profile|Win32.ActiveCfg = Release|Win32
		{29F41E6E-532D-440E-941B-0CD13EE96B6F}.Profile|Win32.Build.0 = Release|Win32
		{29F41E6E-532D-440E-941B-0CD13EE96B6F}.Profile|x64.ActiveCfg = Release|Win32
		{29F41E6E-532D-440E-941B-0CD13EE96B6F}.Profile|x86.ActiveCfg = Release|Win32
		{29F41E6E-532D-440E-941B-0CD13EE96B6F}.Profile|x86.Build.0 = Release|Win32
		{29F41E6E-532D-440E-941B-0CD13EE96B6F}.Release|Any CPU.ActiveCfg = Release|Win32
		{29F41E6E-532D-440E-941B-0CD13EE96B6F}.Release|Mixed Platforms.ActiveCfg = Release|Win32
		{29F41E6E-532D-440E-941B-0CD13EE96B6F}.Release|Mixed Platforms.Build.0 = Release|Win32
		{29F41E6E-532D-440E-941B-0CD13EE96B6F}.Release|Win32.ActiveCfg = Release|Win32
		{29F41E6E-532D-440E-941B-0CD13EE96B6F}.Release|Win32.Build.0 = Release|Win32
		{29F41E6E-532D-440E-941B-0CD13EE96B6F}.Release|x64.ActiveCfg = Release|x64
		{29F41E6E-532D-440E-941B-0CD13EE96B6F}.Release|x64.Build.0 = Release|x64
		{29F41E6E-532D-440E-941B-0CD13EE96B6F}.Release|x86.ActiveCfg = Release|Win32
		{29F41E6E-532D-440E-941B-0CD13EE96B6F}.Release|x86.Build.0 = Release|Win32
		{6598A7CD-8F27-4D3F-A675-5AE63113A7C3}.Debug|Any CPU.ActiveCfg = Debug|Any CPU
		{6598A7CD-8F27-4D3F-A675-5AE63113A7C3}.Debug|Any CPU.Build.0 = Debug|Any CPU
		{6598A7CD-8F27-4D3F-A675-5AE63113A7C3}.Debug|Mixed Platforms.ActiveCfg = Debug|x86
		{6598A7CD-8F27-4D3F-A675-5AE63113A7C3}.Debug|Mixed Platforms.Build.0 = Debug|x86
		{6598A7CD-8F27-4D3F-A675-5AE63113A7C3}.Debug|Win32.ActiveCfg = Debug|x86
		{6598A7CD-8F27-4D3F-A675-5AE63113A7C3}.Debug|Win32.Build.0 = Debug|x86
		{6598A7CD-8F27-4D3F-A675-5AE63113A7C3}.Debug|x64.ActiveCfg = Debug|x64
		{6598A7CD-8F27-4D3F-A675-5AE63113A7C3}.Debug|x64.Build.0 = Debug|x64
		{6598A7CD-8F27-4D3F-A675-5AE63113A7C3}.Debug|x86.ActiveCfg = Debug|x86
		{6598A7CD-8F27-4D3F-A675-5AE63113A7C3}.Debug|x86.Build.0 = Debug|x86
		{6598A7CD-8F27-4D3F-A675-5AE63113A7C3}.Profile|Any CPU.ActiveCfg = Release|Any CPU
		{6598A7CD-8F27-4D3F-A675-5AE63113A7C3}.Profile|Any CPU.Build.0 = Release|Any CPU
		{6598A7CD-8F27-4D3F-A675-5AE63113A7C3}.Profile|Mixed Platforms.ActiveCfg = Release|x86
		{6598A7CD-8F27-4D3F-A675-5AE63113A7C3}.Profile|Mixed Platforms.Build.0 = Release|x86
		{6598A7CD-8F27-4D3F-A675-5AE63113A7C3}.Profile|Win32.ActiveCfg = Release|x86
		{6598A7CD-8F27-4D3F-A675-5AE63113A7C3}.Profile|Win32.Build.0 = Release|x86
		{6598A7CD-8F27-4D3F-A675-5AE63113A7C3}.Profile|x64.ActiveCfg = Release|x64
		{6598A7CD-8F27-4D3F-A675-5AE63113A7C3}.Profile|x64.Build.0 = Release|x64
		{6598A7CD-8F27-4D3F-A675-5AE63113A7C3}.Profile|x86.ActiveCfg = Release|x86
		{6598A7CD-8F27-4D3F-A675-5AE63113A7C3}.Profile|x86.Build.0 = Release|x86
		{6598A7CD-8F27-4D3F-A675-5AE63113A7C3}.Release|Any CPU.ActiveCfg = Release|Any CPU
		{6598A7CD-8F27-4D3F-A675-5AE63113A7C3}.Release|Any CPU.Build.0 = Release|Any CPU
		{6598A7CD-8F27-4D3F-A675-5AE63113A7C3}.Release|Mixed Platforms.ActiveCfg = Release|x86
		{6598A7CD-8F27-4D3F-A675-5AE63113A7C3}.Release|Mixed Platforms.Build.0 = Release|x86
		{6598A7CD-8F27-4D3F-A675-5AE63113A7C3}.Release|Win32.ActiveCfg = Release|x86
		{6598A7CD-8F27-4D3F-A675-5AE63113A7C3}.Release|Win32.Build.0 = Release|x86
		{6598A7CD-8F27-4D3F-A675-5AE63113A7C3}.Release|x64.ActiveCfg = Release|x64
		{6598A7CD-8F27-4D3F-A675-5AE63113A7C3}.Release|x64.Build.0 = Release|x64
		{6598A7CD-8F27-4D3F-A675-5AE63113A7C3}.Release|x86.ActiveCfg = Release|x86
		{6598A7CD-8F27-4D3F-A675-5AE63113A7C3}.Release|x86.Build.0 = Release|x86
		{B8B85886-0F82-4FF3-BCD5-8EAE7EA19EA5}.Debug|Any CPU.ActiveCfg = Debug|Win32
		{B8B85886-0F82-4FF3-BCD5-8EAE7EA19EA5}.Debug|Mixed Platforms.ActiveCfg = Debug|Win32
		{B8B85886-0F82-4FF3-BCD5-8EAE7EA19EA5}.Debug|Mixed Platforms.Build.0 = Debug|Win32
		{B8B85886-0F82-4FF3-BCD5-8EAE7EA19EA5}.Debug|Win32.ActiveCfg = Debug|Win32
		{B8B85886-0F82-4FF3-BCD5-8EAE7EA19EA5}.Debug|Win32.Build.0 = Debug|Win32
		{B8B85886-0F82-4FF3-BCD5-8EAE7EA19EA5}.Debug|x64.ActiveCfg = Debug|x64
		{B8B85886-0F82-4FF3-BCD5-8EAE7EA19EA5}.Debug|x64.Build.0 = Debug|x64
		{B8B85886-0F82-4FF3-BCD5-8EAE7EA19EA5}.Debug|x86.ActiveCfg = Debug|Win32
		{B8B85886-0F82-4FF3-BCD5-8EAE7EA19EA5}.Debug|x86.Build.0 = Debug|Win32
		{B8B85886-0F82-4FF3-BCD5-8EAE7EA19EA5}.Profile|Any CPU.ActiveCfg = Release|Win32
		{B8B85886-0F82-4FF3-BCD5-8EAE7EA19EA5}.Profile|Mixed Platforms.ActiveCfg = Release|Win32
		{B8B85886-0F82-4FF3-BCD5-8EAE7EA19EA5}.Profile|Mixed Platforms.Build.0 = Release|Win32
		{B8B85886-0F82-4FF3-BCD5-8EAE7EA19EA5}.Profile|Win32.ActiveCfg = Release|Win32
		{B8B85886-0F82-4FF3-BCD5-8EAE7EA19EA5}.Profile|Win32.Build.0 = Release|Win32
		{B8B85886-0F82-4FF3-BCD5-8EAE7EA19EA5}.Profile|x64.ActiveCfg = Release|Win32
		{B8B85886-0F82-4FF3-BCD5-8EAE7EA19EA5}.Profile|x86.ActiveCfg = Release|Win32
		{B8B85886-0F82-4FF3-BCD5-8EAE7EA19EA5}.Profile|x86.Build.0 = Release|Win32
		{B8B85886-0F82-4FF3-BCD5-8EAE7EA19EA5}.Release|Any CPU.ActiveCfg = Release|Win32
		{B8B85886-0F82-4FF3-BCD5-8EAE7EA19EA5}.Release|Mixed Platforms.ActiveCfg = Release|Win32
		{B8B85886-0F82-4FF3-BCD5-8EAE7EA19EA5}.Release|Mixed Platforms.Build.0 = Release|Win32
		{B8B85886-0F82-4FF3-BCD5-8EAE7EA19EA5}.Release|Win32.ActiveCfg = Release|Win32
		{B8B85886-0F82-4FF3-BCD5-8EAE7EA19EA5}.Release|Win32.Build.0 = Release|Win32
		{B8B85886-0F82-4FF3-BCD5-8EAE7EA19EA5}.Release|x64.ActiveCfg = Release|x64
		{B8B85886-0F82-4FF3-BCD5-8EAE7EA19EA5}.Release|x64.Build.0 = Release|x64
		{B8B85886-0F82-4FF3-BCD5-8EAE7EA19EA5}.Release|x86.ActiveCfg = Release|Win32
		{B8B85886-0F82-4FF3-BCD5-8EAE7EA19EA5}.Release|x86.Build.0 = Release|Win32
		{371B9FA9-4C90-4AC6-A123-ACED756D6C77}.Debug|Any CPU.ActiveCfg = Debug|Win32
		{371B9FA9-4C90-4AC6-A123-ACED756D6C77}.Debug|Mixed Platforms.ActiveCfg = Debug|Win32
		{371B9FA9-4C90-4AC6-A123-ACED756D6C77}.Debug|Mixed Platforms.Build.0 = Debug|Win32
		{371B9FA9-4C90-4AC6-A123-ACED756D6C77}.Debug|Win32.ActiveCfg = Debug|Win32
		{371B9FA9-4C90-4AC6-A123-ACED756D6C77}.Debug|Win32.Build.0 = Debug|Win32
		{371B9FA9-4C90-4AC6-A123-ACED756D6C77}.Debug|x64.ActiveCfg = Debug|x64
		{371B9FA9-4C90-4AC6-A123-ACED756D6C77}.Debug|x64.Build.0 = Debug|x64
		{371B9FA9-4C90-4AC6-A123-ACED756D6C77}.Debug|x86.ActiveCfg = Debug|Win32
		{371B9FA9-4C90-4AC6-A123-ACED756D6C77}.Debug|x86.Build.0 = Debug|Win32
		{371B9FA9-4C90-4AC6-A123-ACED756D6C77}.Profile|Any CPU.ActiveCfg = Profile|Win32
		{371B9FA9-4C90-4AC6-A123-ACED756D6C77}.Profile|Mixed Platforms.ActiveCfg = Profile|Win32
		{371B9FA9-4C90-4AC6-A123-ACED756D6C77}.Profile|Mixed Platforms.Build.0 = Profile|Win32
		{371B9FA9-4C90-4AC6-A123-ACED756D6C77}.Profile|Win32.ActiveCfg = Profile|Win32
		{371B9FA9-4C90-4AC6-A123-ACED756D6C77}.Profile|Win32.Build.0 = Profile|Win32
		{371B9FA9-4C90-4AC6-A123-ACED756D6C77}.Profile|x64.ActiveCfg = Profile|x64
		{371B9FA9-4C90-4AC6-A123-ACED756D6C77}.Profile|x64.Build.0 = Profile|x64
		{371B9FA9-4C90-4AC6-A123-ACED756D6C77}.Profile|x86.ActiveCfg = Profile|Win32
		{371B9FA9-4C90-4AC6-A123-ACED756D6C77}.Profile|x86.Build.0 = Profile|Win32
		{371B9FA9-4C90-4AC6-A123-ACED756D6C77}.Release|Any CPU.ActiveCfg = Release|Win32
		{371B9FA9-4C90-4AC6-A123-ACED756D6C77}.Release|Mixed Platforms.ActiveCfg = Release|Win32
		{371B9FA9-4C90-4AC6-A123-ACED756D6C77}.Release|Mixed Platforms.Build.0 = Release|Win32
		{371B9FA9-4C90-4AC6-A123-ACED756D6C77}.Release|Win32.ActiveCfg = Release|Win32
		{371B9FA9-4C90-4AC6-A123-ACED756D6C77}.Release|Win32.Build.0 = Release|Win32
		{371B9FA9-4C90-4AC6-A123-ACED756D6C77}.Release|x64.ActiveCfg = Release|x64
		{371B9FA9-4C90-4AC6-A123-ACED756D6C77}.Release|x64.Build.0 = Release|x64
		{371B9FA9-4C90-4AC6-A123-ACED756D6C77}.Release|x86.ActiveCfg = Release|Win32
		{371B9FA9-4C90-4AC6-A123-ACED756D6C77}.Release|x86.Build.0 = Release|Win32
	EndGlobalSection
	GlobalSection(SolutionProperties) = preSolution
		HideSolutionNode = FALSE
	EndGlobalSection
	GlobalSection(ExtensibilityGlobals) = postSolution
		SolutionGuid = {55A37447-CBBB-43A4-A6E5-1C7393F4A132}
	EndGlobalSection
EndGlobal
