
Microsoft Visual Studio Solution File, Format Version 12.00
# Visual Studio 16
VisualStudioVersion = 16.0.0.0
MinimumVisualStudioVersion = 16.0.0.0
Project("{FAE04EC0-301F-11D3-BF4B-00C04F79EFBC}") = "PhysicsSample.Windows", "PhysicsSample.Windows\PhysicsSample.Windows.csproj", "{D17B1302-2908-442F-8AC9-C2B2CB8D0B46}"
EndProject
Project("{FAE04EC0-301F-11D3-BF4B-00C04F79EFBC}") = "PhysicsSample.Game", "PhysicsSample.Game\PhysicsSample.Game.csproj", "{F9A2B62C-3298-430F-8E68-A98F6A7A7102}"
EndProject
Global
EndGlobal
