
Microsoft Visual Studio Solution File, Format Version 12.00
# Visual Studio 14
VisualStudioVersion = 14.0.25420.1
MinimumVisualStudioVersion = 10.0.40219.1
Project("{FAE04EC0-301F-11D3-BF4B-00C04F79EFBC}") = "JumpyJetTest", "Games\JumpyJetTest\JumpyJetTest.csproj", "{92F6B41C-B1D6-41A4-A65F-8E5C5BD8F04D}"
EndProject
Project("{FAE04EC0-301F-11D3-BF4B-00C04F79EFBC}") = "SpaceEscapeTest", "Games\SpaceEscapeTest\SpaceEscapeTest.csproj", "{6472BB34-98F2-4FB1-902F-B51D47EEC674}"
EndProject
Project("{2150E333-8FDC-42A3-9474-1A3956D46DE8}") = "Games", "Games", "{2FB9AD6D-8A77-43F3-B747-4161C448D02D}"
EndProject
Project("{2150E333-8FDC-42A3-9474-1A3956D46DE8}") = "Graphics", "Graphics", "{94B0C3BB-557A-4688-849F-2665694D5EE3}"
EndProject
Project("{FAE04EC0-301F-11D3-BF4B-00C04F79EFBC}") = "AnimatedModelTest", "Graphics\AnimatedModelTest\AnimatedModelTest.csproj", "{27F1FDAD-96E3-48A4-B1A0-7E12D3D3AB2F}"
EndProject
Project("{FAE04EC0-301F-11D3-BF4B-00C04F79EFBC}") = "CustomEffectTest", "Graphics\CustomEffectTest\CustomEffectTest.csproj", "{085E311F-AD67-414C-B45F-7EA9F5838664}"
EndProject
Project("{FAE04EC0-301F-11D3-BF4B-00C04F79EFBC}") = "MaterialShaderTest", "Graphics\MaterialShaderTest\MaterialShaderTest.csproj", "{4299139C-6DE6-468D-A22E-F4EC59E56FFB}"
EndProject
Project("{FAE04EC0-301F-11D3-BF4B-00C04F79EFBC}") = "SpriteFontsTest", "Graphics\SpriteFontsTest\SpriteFontsTest.csproj", "{E4659C1A-910D-4441-98A1-3E5D611B222B}"
EndProject
Project("{FAE04EC0-301F-11D3-BF4B-00C04F79EFBC}") = "SpriteStudioDemoTest", "Graphics\SpriteStudioDemoTest\SpriteStudioDemoTest.csproj", "{1A9038BC-46A1-44D1-84BE-A27F21287E2B}"
EndProject
Project("{2150E333-8FDC-42A3-9474-1A3956D46DE8}") = "Input", "Input", "{0E6E3102-5C3F-4C5C-944E-0587469F6EE2}"
EndProject
Project("{FAE04EC0-301F-11D3-BF4B-00C04F79EFBC}") = "GravitySensorTest", "Input\GravitySensorTest\GravitySensorTest.csproj", "{F3CCD440-5C54-4762-8619-0FC6B9044CC0}"
EndProject
Project("{FAE04EC0-301F-11D3-BF4B-00C04F79EFBC}") = "TouchInputsTest", "Input\TouchInputsTest\TouchInputsTest.csproj", "{788DF365-55EC-43DE-871F-8D84FBFE051C}"
EndProject
Project("{2150E333-8FDC-42A3-9474-1A3956D46DE8}") = "Physics", "Physics", "{6B8A91F9-4830-4084-929B-3D421C3D1C21}"
EndProject
Project("{FAE04EC0-301F-11D3-BF4B-00C04F79EFBC}") = "PhysicsSampleTest", "Physics\PhysicsSampleTest\PhysicsSampleTest.csproj", "{FC878663-53F8-4F4E-9C75-2EB2CF669980}"
EndProject
Project("{2150E333-8FDC-42A3-9474-1A3956D46DE8}") = "UI", "UI", "{1AE5D19C-DFC3-46CB-AADD-E0814B208A3A}"
EndProject
Project("{FAE04EC0-301F-11D3-BF4B-00C04F79EFBC}") = "GameMenuTest", "UI\GameMenuTest\GameMenuTest.csproj", "{D92F4000-A64D-45C9-8508-2B0237EAACD6}"
EndProject
Project("{2150E333-8FDC-42A3-9474-1A3956D46DE8}") = "Particles", "Particles", "{2F0F0292-D828-4DB4-9B64-D6E7BE82E74B}"
EndProject
Project("{FAE04EC0-301F-11D3-BF4B-00C04F79EFBC}") = "ParticlesSampleTest", "Particles\ParticlesSampleTest\ParticlesSampleTest.csproj", "{66873EDD-9B6B-4A1F-A0D0-E4CD9BA06F0D}"
EndProject
Project("{FAE04EC0-301F-11D3-BF4B-00C04F79EFBC}") = "UIParticlesTest", "UI\UIParticlesTest\UIParticlesTest.csproj", "{6A096E83-01CB-41C3-A9D6-DECBF2E5454A}"
EndProject
Project("{FAE04EC0-301F-11D3-BF4B-00C04F79EFBC}") = "FPSTest", "Games\FPSTest\FPSTest.csproj", "{197047FA-5D11-4E1C-9AF2-DED736120276}"
EndProject
Project("{FAE04EC0-301F-11D3-BF4B-00C04F79EFBC}") = "RPGTest", "Games\RPGTest\RPGTest.csproj", "{EA98A785-C5E6-4A90-AAEE-F0F51E1FC7F0}"
EndProject
Project("{FAE04EC0-301F-11D3-BF4B-00C04F79EFBC}") = "TPPTest", "Games\TPPTest\TPPTest.csproj", "{A64B8DE3-E763-4866-B72A-D1929F4EF13F}"
EndProject
Global
	GlobalSection(SolutionConfigurationPlatforms) = preSolution
		Debug|Any CPU = Debug|Any CPU
		Release|Any CPU = Release|Any CPU
	EndGlobalSection
	GlobalSection(ProjectConfigurationPlatforms) = postSolution
		{92F6B41C-B1D6-41A4-A65F-8E5C5BD8F04D}.Debug|Any CPU.ActiveCfg = Debug|Any CPU
		{92F6B41C-B1D6-41A4-A65F-8E5C5BD8F04D}.Debug|Any CPU.Build.0 = Debug|Any CPU
		{92F6B41C-B1D6-41A4-A65F-8E5C5BD8F04D}.Release|Any CPU.ActiveCfg = Release|Any CPU
		{92F6B41C-B1D6-41A4-A65F-8E5C5BD8F04D}.Release|Any CPU.Build.0 = Release|Any CPU
		{6472BB34-98F2-4FB1-902F-B51D47EEC674}.Debug|Any CPU.ActiveCfg = Debug|Any CPU
		{6472BB34-98F2-4FB1-902F-B51D47EEC674}.Debug|Any CPU.Build.0 = Debug|Any CPU
		{6472BB34-98F2-4FB1-902F-B51D47EEC674}.Release|Any CPU.ActiveCfg = Release|Any CPU
		{6472BB34-98F2-4FB1-902F-B51D47EEC674}.Release|Any CPU.Build.0 = Release|Any CPU
		{27F1FDAD-96E3-48A4-B1A0-7E12D3D3AB2F}.Debug|Any CPU.ActiveCfg = Debug|Any CPU
		{27F1FDAD-96E3-48A4-B1A0-7E12D3D3AB2F}.Debug|Any CPU.Build.0 = Debug|Any CPU
		{27F1FDAD-96E3-48A4-B1A0-7E12D3D3AB2F}.Release|Any CPU.ActiveCfg = Release|Any CPU
		{27F1FDAD-96E3-48A4-B1A0-7E12D3D3AB2F}.Release|Any CPU.Build.0 = Release|Any CPU
		{085E311F-AD67-414C-B45F-7EA9F5838664}.Debug|Any CPU.ActiveCfg = Debug|Any CPU
		{085E311F-AD67-414C-B45F-7EA9F5838664}.Debug|Any CPU.Build.0 = Debug|Any CPU
		{085E311F-AD67-414C-B45F-7EA9F5838664}.Release|Any CPU.ActiveCfg = Release|Any CPU
		{085E311F-AD67-414C-B45F-7EA9F5838664}.Release|Any CPU.Build.0 = Release|Any CPU
		{4299139C-6DE6-468D-A22E-F4EC59E56FFB}.Debug|Any CPU.ActiveCfg = Debug|Any CPU
		{4299139C-6DE6-468D-A22E-F4EC59E56FFB}.Debug|Any CPU.Build.0 = Debug|Any CPU
		{4299139C-6DE6-468D-A22E-F4EC59E56FFB}.Release|Any CPU.ActiveCfg = Release|Any CPU
		{4299139C-6DE6-468D-A22E-F4EC59E56FFB}.Release|Any CPU.Build.0 = Release|Any CPU
		{E4659C1A-910D-4441-98A1-3E5D611B222B}.Debug|Any CPU.ActiveCfg = Debug|Any CPU
		{E4659C1A-910D-4441-98A1-3E5D611B222B}.Debug|Any CPU.Build.0 = Debug|Any CPU
		{E4659C1A-910D-4441-98A1-3E5D611B222B}.Release|Any CPU.ActiveCfg = Release|Any CPU
		{E4659C1A-910D-4441-98A1-3E5D611B222B}.Release|Any CPU.Build.0 = Release|Any CPU
		{1A9038BC-46A1-44D1-84BE-A27F21287E2B}.Debug|Any CPU.ActiveCfg = Debug|Any CPU
		{1A9038BC-46A1-44D1-84BE-A27F21287E2B}.Debug|Any CPU.Build.0 = Debug|Any CPU
		{1A9038BC-46A1-44D1-84BE-A27F21287E2B}.Release|Any CPU.ActiveCfg = Release|Any CPU
		{1A9038BC-46A1-44D1-84BE-A27F21287E2B}.Release|Any CPU.Build.0 = Release|Any CPU
		{F3CCD440-5C54-4762-8619-0FC6B9044CC0}.Debug|Any CPU.ActiveCfg = Debug|Any CPU
		{F3CCD440-5C54-4762-8619-0FC6B9044CC0}.Debug|Any CPU.Build.0 = Debug|Any CPU
		{F3CCD440-5C54-4762-8619-0FC6B9044CC0}.Release|Any CPU.ActiveCfg = Release|Any CPU
		{F3CCD440-5C54-4762-8619-0FC6B9044CC0}.Release|Any CPU.Build.0 = Release|Any CPU
		{788DF365-55EC-43DE-871F-8D84FBFE051C}.Debug|Any CPU.ActiveCfg = Debug|Any CPU
		{788DF365-55EC-43DE-871F-8D84FBFE051C}.Debug|Any CPU.Build.0 = Debug|Any CPU
		{788DF365-55EC-43DE-871F-8D84FBFE051C}.Release|Any CPU.ActiveCfg = Release|Any CPU
		{788DF365-55EC-43DE-871F-8D84FBFE051C}.Release|Any CPU.Build.0 = Release|Any CPU
		{FC878663-53F8-4F4E-9C75-2EB2CF669980}.Debug|Any CPU.ActiveCfg = Debug|Any CPU
		{FC878663-53F8-4F4E-9C75-2EB2CF669980}.Debug|Any CPU.Build.0 = Debug|Any CPU
		{FC878663-53F8-4F4E-9C75-2EB2CF669980}.Release|Any CPU.ActiveCfg = Release|Any CPU
		{FC878663-53F8-4F4E-9C75-2EB2CF669980}.Release|Any CPU.Build.0 = Release|Any CPU
		{D92F4000-A64D-45C9-8508-2B0237EAACD6}.Debug|Any CPU.ActiveCfg = Debug|Any CPU
		{D92F4000-A64D-45C9-8508-2B0237EAACD6}.Debug|Any CPU.Build.0 = Debug|Any CPU
		{D92F4000-A64D-45C9-8508-2B0237EAACD6}.Release|Any CPU.ActiveCfg = Release|Any CPU
		{D92F4000-A64D-45C9-8508-2B0237EAACD6}.Release|Any CPU.Build.0 = Release|Any CPU
		{66873EDD-9B6B-4A1F-A0D0-E4CD9BA06F0D}.Debug|Any CPU.ActiveCfg = Debug|Any CPU
		{66873EDD-9B6B-4A1F-A0D0-E4CD9BA06F0D}.Debug|Any CPU.Build.0 = Debug|Any CPU
		{66873EDD-9B6B-4A1F-A0D0-E4CD9BA06F0D}.Release|Any CPU.ActiveCfg = Release|Any CPU
		{66873EDD-9B6B-4A1F-A0D0-E4CD9BA06F0D}.Release|Any CPU.Build.0 = Release|Any CPU
		{6A096E83-01CB-41C3-A9D6-DECBF2E5454A}.Debug|Any CPU.ActiveCfg = Debug|Any CPU
		{6A096E83-01CB-41C3-A9D6-DECBF2E5454A}.Debug|Any CPU.Build.0 = Debug|Any CPU
		{6A096E83-01CB-41C3-A9D6-DECBF2E5454A}.Release|Any CPU.ActiveCfg = Release|Any CPU
		{6A096E83-01CB-41C3-A9D6-DECBF2E5454A}.Release|Any CPU.Build.0 = Release|Any CPU
		{197047FA-5D11-4E1C-9AF2-DED736120276}.Debug|Any CPU.ActiveCfg = Debug|Any CPU
		{197047FA-5D11-4E1C-9AF2-DED736120276}.Debug|Any CPU.Build.0 = Debug|Any CPU
		{197047FA-5D11-4E1C-9AF2-DED736120276}.Release|Any CPU.ActiveCfg = Release|Any CPU
		{197047FA-5D11-4E1C-9AF2-DED736120276}.Release|Any CPU.Build.0 = Release|Any CPU
		{EA98A785-C5E6-4A90-AAEE-F0F51E1FC7F0}.Debug|Any CPU.ActiveCfg = Debug|Any CPU
		{EA98A785-C5E6-4A90-AAEE-F0F51E1FC7F0}.Debug|Any CPU.Build.0 = Debug|Any CPU
		{EA98A785-C5E6-4A90-AAEE-F0F51E1FC7F0}.Release|Any CPU.ActiveCfg = Release|Any CPU
		{EA98A785-C5E6-4A90-AAEE-F0F51E1FC7F0}.Release|Any CPU.Build.0 = Release|Any CPU
		{A64B8DE3-E763-4866-B72A-D1929F4EF13F}.Debug|Any CPU.ActiveCfg = Debug|Any CPU
		{A64B8DE3-E763-4866-B72A-D1929F4EF13F}.Debug|Any CPU.Build.0 = Debug|Any CPU
		{A64B8DE3-E763-4866-B72A-D1929F4EF13F}.Release|Any CPU.ActiveCfg = Release|Any CPU
		{A64B8DE3-E763-4866-B72A-D1929F4EF13F}.Release|Any CPU.Build.0 = Release|Any CPU
	EndGlobalSection
	GlobalSection(SolutionProperties) = preSolution
		HideSolutionNode = FALSE
	EndGlobalSection
	GlobalSection(NestedProjects) = preSolution
		{92F6B41C-B1D6-41A4-A65F-8E5C5BD8F04D} = {2FB9AD6D-8A77-43F3-B747-4161C448D02D}
		{6472BB34-98F2-4FB1-902F-B51D47EEC674} = {2FB9AD6D-8A77-43F3-B747-4161C448D02D}
		{27F1FDAD-96E3-48A4-B1A0-7E12D3D3AB2F} = {94B0C3BB-557A-4688-849F-2665694D5EE3}
		{085E311F-AD67-414C-B45F-7EA9F5838664} = {94B0C3BB-557A-4688-849F-2665694D5EE3}
		{4299139C-6DE6-468D-A22E-F4EC59E56FFB} = {94B0C3BB-557A-4688-849F-2665694D5EE3}
		{E4659C1A-910D-4441-98A1-3E5D611B222B} = {94B0C3BB-557A-4688-849F-2665694D5EE3}
		{1A9038BC-46A1-44D1-84BE-A27F21287E2B} = {94B0C3BB-557A-4688-849F-2665694D5EE3}
		{F3CCD440-5C54-4762-8619-0FC6B9044CC0} = {0E6E3102-5C3F-4C5C-944E-0587469F6EE2}
		{788DF365-55EC-43DE-871F-8D84FBFE051C} = {0E6E3102-5C3F-4C5C-944E-0587469F6EE2}
		{FC878663-53F8-4F4E-9C75-2EB2CF669980} = {6B8A91F9-4830-4084-929B-3D421C3D1C21}
		{D92F4000-A64D-45C9-8508-2B0237EAACD6} = {1AE5D19C-DFC3-46CB-AADD-E0814B208A3A}
		{66873EDD-9B6B-4A1F-A0D0-E4CD9BA06F0D} = {2F0F0292-D828-4DB4-9B64-D6E7BE82E74B}
		{6A096E83-01CB-41C3-A9D6-DECBF2E5454A} = {1AE5D19C-DFC3-46CB-AADD-E0814B208A3A}
		{197047FA-5D11-4E1C-9AF2-DED736120276} = {2FB9AD6D-8A77-43F3-B747-4161C448D02D}
		{EA98A785-C5E6-4A90-AAEE-F0F51E1FC7F0} = {2FB9AD6D-8A77-43F3-B747-4161C448D02D}
		{A64B8DE3-E763-4866-B72A-D1929F4EF13F} = {2FB9AD6D-8A77-43F3-B747-4161C448D02D}
	EndGlobalSection
EndGlobal
