
Microsoft Visual Studio Solution File, Format Version 12.00
# Visual Studio 15
VisualStudioVersion = 15.0.28010.2026
MinimumVisualStudioVersion = 10.0.40219.1
Project("{9A19103F-16F7-4668-BE54-9A1E7A4F7556}") = "Xenko.Samples.Tests", "Xenko.Samples.Tests.csproj", "{AA6F38A3-8A04-42AE-A19C-9B0123EC1589}"
EndProject
Global
	GlobalSection(SolutionConfigurationPlatforms) = preSolution
		Debug|Any CPU = Debug|Any CPU
		Release|Any CPU = Release|Any CPU
	EndGlobalSection
	GlobalSection(ProjectConfigurationPlatforms) = postSolution
		{AA6F38A3-8A04-42AE-A19C-9B0123EC1589}.Debug|Any CPU.ActiveCfg = Debug|Any CPU
		{AA6F38A3-8A04-42AE-A19C-9B0123EC1589}.Debug|Any CPU.Build.0 = Debug|Any CPU
		{AA6F38A3-8A04-42AE-A19C-9B0123EC1589}.Release|Any CPU.ActiveCfg = Release|Any CPU
		{AA6F38A3-8A04-42AE-A19C-9B0123EC1589}.Release|Any CPU.Build.0 = Release|Any CPU
	EndGlobalSection
	GlobalSection(SolutionProperties) = preSolution
		HideSolutionNode = FALSE
	EndGlobalSection
	GlobalSection(ExtensibilityGlobals) = postSolution
		SolutionGuid = {8158FE96-5BDA-4FD1-BF36-BB45A9737AB9}
	EndGlobalSection
EndGlobal
