Microsoft Visual Studio Solution File, Format Version 12.00
# Visual Studio 14
VisualStudioVersion = 14.0.25420.1
MinimumVisualStudioVersion = 10.0.40219.1
Project("{FAE04EC0-301F-11D3-BF4B-00C04F79EFBC}") = "ThirdPersonPlatformer.Windows", "ThirdPersonPlatformer\ThirdPersonPlatformer.Windows\ThirdPersonPlatformer.Windows.csproj", "{1D5D1B2E-B157-4E5B-BE35-2ED9E1C262CB}"
EndProject
Project("{FAE04EC0-301F-11D3-BF4B-00C04F79EFBC}") = "ThirdPersonPlatformer.Game", "ThirdPersonPlatformer\ThirdPersonPlatformer.Game\ThirdPersonPlatformer.Game.csproj", "{6807D261-4AF2-405C-8EBF-D8A0B08C7801}"
EndProject
Project("{2150E333-8FDC-42A3-9474-1A3956D46DE8}") = "mannequinModel", "mannequinModel", "{EC64FD24-824F-4DA4-B077-3661CF988027}"
	ProjectSection(StridePackage) = preProject
		../Packs/mannequinModel/mannequinModel/mannequinModel.sdpkg = ../Packs/mannequinModel/mannequinModel/mannequinModel.sdpkg
	EndProjectSection
EndProject
Project("{2150E333-8FDC-42A3-9474-1A3956D46DE8}") = "PrototypingBlocks", "PrototypingBlocks", "{C9B4F26A-E7BA-4201-A6E0-0C0EEDFE9DE2}"
	ProjectSection(StridePackage) = preProject
		../Packs/PrototypingBlocks/PrototypingBlocks/PrototypingBlocks.sdpkg = ../Packs/PrototypingBlocks/PrototypingBlocks/PrototypingBlocks.sdpkg
	EndProjectSection
EndProject
Project("{2150E333-8FDC-42A3-9474-1A3956D46DE8}") = "ThirdPersonPlatformer", "ThirdPersonPlatformer", "{AFAE975A-E8BC-4B00-82B3-7D9C67DD6A41}"
	ProjectSection(StridePackage) = preProject
		ThirdPersonPlatformer/ThirdPersonPlatformer.sdpkg = ThirdPersonPlatformer/ThirdPersonPlatformer.sdpkg
	EndProjectSection
EndProject
Global
	GlobalSection(SolutionConfigurationPlatforms) = preSolution
		AppStore|Any CPU = AppStore|Any CPU
		AppStore|Mixed Platforms = AppStore|Mixed Platforms
		AppStore|Windows = AppStore|Windows
		CoreCLR_Debug|Any CPU = CoreCLR_Debug|Any CPU
		CoreCLR_Debug|Mixed Platforms = CoreCLR_Debug|Mixed Platforms
		CoreCLR_Debug|Windows = CoreCLR_Debug|Windows
		CoreCLR_Release|Any CPU = CoreCLR_Release|Any CPU
		CoreCLR_Release|Mixed Platforms = CoreCLR_Release|Mixed Platforms
		CoreCLR_Release|Windows = CoreCLR_Release|Windows
		Debug|Any CPU = Debug|Any CPU
		Debug|Mixed Platforms = Debug|Mixed Platforms
		Debug|Windows = Debug|Windows
		Release|Any CPU = Release|Any CPU
		Release|Mixed Platforms = Release|Mixed Platforms
		Release|Windows = Release|Windows
		Testing|Any CPU = Testing|Any CPU
		Testing|Mixed Platforms = Testing|Mixed Platforms
		Testing|Windows = Testing|Windows
	EndGlobalSection
	GlobalSection(ProjectConfigurationPlatforms) = postSolution
		{1D5D1B2E-B157-4E5B-BE35-2ED9E1C262CB}.AppStore|Any CPU.ActiveCfg = AppStore|Any CPU
		{1D5D1B2E-B157-4E5B-BE35-2ED9E1C262CB}.AppStore|Any CPU.Build.0 = AppStore|Any CPU
		{1D5D1B2E-B157-4E5B-BE35-2ED9E1C262CB}.AppStore|Any CPU.Deploy.0 = AppStore|Any CPU
		{1D5D1B2E-B157-4E5B-BE35-2ED9E1C262CB}.AppStore|Mixed Platforms.ActiveCfg = AppStore|Any CPU
		{1D5D1B2E-B157-4E5B-BE35-2ED9E1C262CB}.AppStore|Mixed Platforms.Build.0 = AppStore|Any CPU
		{1D5D1B2E-B157-4E5B-BE35-2ED9E1C262CB}.AppStore|Mixed Platforms.Deploy.0 = AppStore|Any CPU
		{1D5D1B2E-B157-4E5B-BE35-2ED9E1C262CB}.AppStore|Windows.ActiveCfg = AppStore|Any CPU
		{1D5D1B2E-B157-4E5B-BE35-2ED9E1C262CB}.AppStore|Windows.Build.0 = AppStore|Any CPU
		{1D5D1B2E-B157-4E5B-BE35-2ED9E1C262CB}.AppStore|Windows.Deploy.0 = AppStore|Any CPU
		{1D5D1B2E-B157-4E5B-BE35-2ED9E1C262CB}.CoreCLR_Debug|Any CPU.ActiveCfg = CoreCLR_Debug|Any CPU
		{1D5D1B2E-B157-4E5B-BE35-2ED9E1C262CB}.CoreCLR_Debug|Any CPU.Build.0 = CoreCLR_Debug|Any CPU
		{1D5D1B2E-B157-4E5B-BE35-2ED9E1C262CB}.CoreCLR_Debug|Any CPU.Deploy.0 = CoreCLR_Debug|Any CPU
		{1D5D1B2E-B157-4E5B-BE35-2ED9E1C262CB}.CoreCLR_Debug|Mixed Platforms.ActiveCfg = CoreCLR_Debug|Any CPU
		{1D5D1B2E-B157-4E5B-BE35-2ED9E1C262CB}.CoreCLR_Debug|Mixed Platforms.Build.0 = CoreCLR_Debug|Any CPU
		{1D5D1B2E-B157-4E5B-BE35-2ED9E1C262CB}.CoreCLR_Debug|Mixed Platforms.Deploy.0 = CoreCLR_Debug|Any CPU
		{1D5D1B2E-B157-4E5B-BE35-2ED9E1C262CB}.CoreCLR_Debug|Windows.ActiveCfg = CoreCLR_Debug|Any CPU
		{1D5D1B2E-B157-4E5B-BE35-2ED9E1C262CB}.CoreCLR_Debug|Windows.Build.0 = CoreCLR_Debug|Any CPU
		{1D5D1B2E-B157-4E5B-BE35-2ED9E1C262CB}.CoreCLR_Debug|Windows.Deploy.0 = CoreCLR_Debug|Any CPU
		{1D5D1B2E-B157-4E5B-BE35-2ED9E1C262CB}.CoreCLR_Release|Any CPU.ActiveCfg = CoreCLR_Release|Any CPU
		{1D5D1B2E-B157-4E5B-BE35-2ED9E1C262CB}.CoreCLR_Release|Any CPU.Build.0 = CoreCLR_Release|Any CPU
		{1D5D1B2E-B157-4E5B-BE35-2ED9E1C262CB}.CoreCLR_Release|Any CPU.Deploy.0 = CoreCLR_Release|Any CPU
		{1D5D1B2E-B157-4E5B-BE35-2ED9E1C262CB}.CoreCLR_Release|Mixed Platforms.ActiveCfg = CoreCLR_Release|Any CPU
		{1D5D1B2E-B157-4E5B-BE35-2ED9E1C262CB}.CoreCLR_Release|Mixed Platforms.Build.0 = CoreCLR_Release|Any CPU
		{1D5D1B2E-B157-4E5B-BE35-2ED9E1C262CB}.CoreCLR_Release|Mixed Platforms.Deploy.0 = CoreCLR_Release|Any CPU
		{1D5D1B2E-B157-4E5B-BE35-2ED9E1C262CB}.CoreCLR_Release|Windows.ActiveCfg = CoreCLR_Release|Any CPU
		{1D5D1B2E-B157-4E5B-BE35-2ED9E1C262CB}.CoreCLR_Release|Windows.Build.0 = CoreCLR_Release|Any CPU
		{1D5D1B2E-B157-4E5B-BE35-2ED9E1C262CB}.CoreCLR_Release|Windows.Deploy.0 = CoreCLR_Release|Any CPU
		{1D5D1B2E-B157-4E5B-BE35-2ED9E1C262CB}.Debug|Any CPU.ActiveCfg = Debug|Any CPU
		{1D5D1B2E-B157-4E5B-BE35-2ED9E1C262CB}.Debug|Any CPU.Build.0 = Debug|Any CPU
		{1D5D1B2E-B157-4E5B-BE35-2ED9E1C262CB}.Debug|Any CPU.Deploy.0 = Debug|Any CPU
		{1D5D1B2E-B157-4E5B-BE35-2ED9E1C262CB}.Debug|Mixed Platforms.ActiveCfg = Debug|Any CPU
		{1D5D1B2E-B157-4E5B-BE35-2ED9E1C262CB}.Debug|Mixed Platforms.Build.0 = Debug|Any CPU
		{1D5D1B2E-B157-4E5B-BE35-2ED9E1C262CB}.Debug|Mixed Platforms.Deploy.0 = Debug|Any CPU
		{1D5D1B2E-B157-4E5B-BE35-2ED9E1C262CB}.Debug|Windows.ActiveCfg = Debug|Any CPU
		{1D5D1B2E-B157-4E5B-BE35-2ED9E1C262CB}.Debug|Windows.Build.0 = Debug|Any CPU
		{1D5D1B2E-B157-4E5B-BE35-2ED9E1C262CB}.Debug|Windows.Deploy.0 = Debug|Any CPU
		{1D5D1B2E-B157-4E5B-BE35-2ED9E1C262CB}.Release|Any CPU.ActiveCfg = Release|Any CPU
		{1D5D1B2E-B157-4E5B-BE35-2ED9E1C262CB}.Release|Any CPU.Build.0 = Release|Any CPU
		{1D5D1B2E-B157-4E5B-BE35-2ED9E1C262CB}.Release|Any CPU.Deploy.0 = Release|Any CPU
		{1D5D1B2E-B157-4E5B-BE35-2ED9E1C262CB}.Release|Mixed Platforms.ActiveCfg = Release|Any CPU
		{1D5D1B2E-B157-4E5B-BE35-2ED9E1C262CB}.Release|Mixed Platforms.Build.0 = Release|Any CPU
		{1D5D1B2E-B157-4E5B-BE35-2ED9E1C262CB}.Release|Mixed Platforms.Deploy.0 = Release|Any CPU
		{1D5D1B2E-B157-4E5B-BE35-2ED9E1C262CB}.Release|Windows.ActiveCfg = Release|Any CPU
		{1D5D1B2E-B157-4E5B-BE35-2ED9E1C262CB}.Release|Windows.Build.0 = Release|Any CPU
		{1D5D1B2E-B157-4E5B-BE35-2ED9E1C262CB}.Release|Windows.Deploy.0 = Release|Any CPU
		{1D5D1B2E-B157-4E5B-BE35-2ED9E1C262CB}.Testing|Any CPU.ActiveCfg = Testing|Any CPU
		{1D5D1B2E-B157-4E5B-BE35-2ED9E1C262CB}.Testing|Any CPU.Build.0 = Testing|Any CPU
		{1D5D1B2E-B157-4E5B-BE35-2ED9E1C262CB}.Testing|Any CPU.Deploy.0 = Testing|Any CPU
		{1D5D1B2E-B157-4E5B-BE35-2ED9E1C262CB}.Testing|Mixed Platforms.ActiveCfg = Testing|Any CPU
		{1D5D1B2E-B157-4E5B-BE35-2ED9E1C262CB}.Testing|Mixed Platforms.Build.0 = Testing|Any CPU
		{1D5D1B2E-B157-4E5B-BE35-2ED9E1C262CB}.Testing|Mixed Platforms.Deploy.0 = Testing|Any CPU
		{1D5D1B2E-B157-4E5B-BE35-2ED9E1C262CB}.Testing|Windows.ActiveCfg = Testing|Any CPU
		{1D5D1B2E-B157-4E5B-BE35-2ED9E1C262CB}.Testing|Windows.Build.0 = Testing|Any CPU
		{1D5D1B2E-B157-4E5B-BE35-2ED9E1C262CB}.Testing|Windows.Deploy.0 = Testing|Any CPU
		{6807D261-4AF2-405C-8EBF-D8A0B08C7801}.AppStore|Any CPU.ActiveCfg = AppStore|Any CPU
		{6807D261-4AF2-405C-8EBF-D8A0B08C7801}.AppStore|Any CPU.Build.0 = AppStore|Any CPU
		{6807D261-4AF2-405C-8EBF-D8A0B08C7801}.AppStore|Mixed Platforms.ActiveCfg = AppStore|Any CPU
		{6807D261-4AF2-405C-8EBF-D8A0B08C7801}.AppStore|Mixed Platforms.Build.0 = AppStore|Any CPU
		{6807D261-4AF2-405C-8EBF-D8A0B08C7801}.AppStore|Windows.ActiveCfg = AppStore|Any CPU
		{6807D261-4AF2-405C-8EBF-D8A0B08C7801}.AppStore|Windows.Build.0 = AppStore|Any CPU
		{6807D261-4AF2-405C-8EBF-D8A0B08C7801}.CoreCLR_Debug|Any CPU.ActiveCfg = CoreCLR_Debug|Any CPU
		{6807D261-4AF2-405C-8EBF-D8A0B08C7801}.CoreCLR_Debug|Any CPU.Build.0 = CoreCLR_Debug|Any CPU
		{6807D261-4AF2-405C-8EBF-D8A0B08C7801}.CoreCLR_Debug|Mixed Platforms.ActiveCfg = CoreCLR_Debug|Any CPU
		{6807D261-4AF2-405C-8EBF-D8A0B08C7801}.CoreCLR_Debug|Mixed Platforms.Build.0 = CoreCLR_Debug|Any CPU
		{6807D261-4AF2-405C-8EBF-D8A0B08C7801}.CoreCLR_Debug|Windows.ActiveCfg = CoreCLR_Debug|Any CPU
		{6807D261-4AF2-405C-8EBF-D8A0B08C7801}.CoreCLR_Debug|Windows.Build.0 = CoreCLR_Debug|Any CPU
		{6807D261-4AF2-405C-8EBF-D8A0B08C7801}.CoreCLR_Release|Any CPU.ActiveCfg = CoreCLR_Release|Any CPU
		{6807D261-4AF2-405C-8EBF-D8A0B08C7801}.CoreCLR_Release|Any CPU.Build.0 = CoreCLR_Release|Any CPU
		{6807D261-4AF2-405C-8EBF-D8A0B08C7801}.CoreCLR_Release|Mixed Platforms.ActiveCfg = CoreCLR_Release|Any CPU
		{6807D261-4AF2-405C-8EBF-D8A0B08C7801}.CoreCLR_Release|Mixed Platforms.Build.0 = CoreCLR_Release|Any CPU
		{6807D261-4AF2-405C-8EBF-D8A0B08C7801}.CoreCLR_Release|Windows.ActiveCfg = CoreCLR_Release|Any CPU
		{6807D261-4AF2-405C-8EBF-D8A0B08C7801}.CoreCLR_Release|Windows.Build.0 = CoreCLR_Release|Any CPU
		{6807D261-4AF2-405C-8EBF-D8A0B08C7801}.Debug|Any CPU.ActiveCfg = Debug|Any CPU
		{6807D261-4AF2-405C-8EBF-D8A0B08C7801}.Debug|Any CPU.Build.0 = Debug|Any CPU
		{6807D261-4AF2-405C-8EBF-D8A0B08C7801}.Debug|Mixed Platforms.ActiveCfg = Debug|Any CPU
		{6807D261-4AF2-405C-8EBF-D8A0B08C7801}.Debug|Mixed Platforms.Build.0 = Debug|Any CPU
		{6807D261-4AF2-405C-8EBF-D8A0B08C7801}.Debug|Windows.ActiveCfg = Debug|Any CPU
		{6807D261-4AF2-405C-8EBF-D8A0B08C7801}.Debug|Windows.Build.0 = Debug|Any CPU
		{6807D261-4AF2-405C-8EBF-D8A0B08C7801}.Release|Any CPU.ActiveCfg = Release|Any CPU
		{6807D261-4AF2-405C-8EBF-D8A0B08C7801}.Release|Any CPU.Build.0 = Release|Any CPU
		{6807D261-4AF2-405C-8EBF-D8A0B08C7801}.Release|Mixed Platforms.ActiveCfg = Release|Any CPU
		{6807D261-4AF2-405C-8EBF-D8A0B08C7801}.Release|Mixed Platforms.Build.0 = Release|Any CPU
		{6807D261-4AF2-405C-8EBF-D8A0B08C7801}.Release|Windows.ActiveCfg = Release|Any CPU
		{6807D261-4AF2-405C-8EBF-D8A0B08C7801}.Release|Windows.Build.0 = Release|Any CPU
		{6807D261-4AF2-405C-8EBF-D8A0B08C7801}.Testing|Any CPU.ActiveCfg = Testing|Any CPU
		{6807D261-4AF2-405C-8EBF-D8A0B08C7801}.Testing|Any CPU.Build.0 = Testing|Any CPU
		{6807D261-4AF2-405C-8EBF-D8A0B08C7801}.Testing|Mixed Platforms.ActiveCfg = Testing|Any CPU
		{6807D261-4AF2-405C-8EBF-D8A0B08C7801}.Testing|Mixed Platforms.Build.0 = Testing|Any CPU
		{6807D261-4AF2-405C-8EBF-D8A0B08C7801}.Testing|Windows.ActiveCfg = Testing|Any CPU
		{6807D261-4AF2-405C-8EBF-D8A0B08C7801}.Testing|Windows.Build.0 = Testing|Any CPU
	EndGlobalSection
	GlobalSection(SolutionProperties) = preSolution
		HideSolutionNode = FALSE
	EndGlobalSection
	GlobalSection(NestedProjects) = preSolution
		{1D5D1B2E-B157-4E5B-BE35-2ED9E1C262CB} = {AFAE975A-E8BC-4B00-82B3-7D9C67DD6A41}
		{6807D261-4AF2-405C-8EBF-D8A0B08C7801} = {AFAE975A-E8BC-4B00-82B3-7D9C67DD6A41}
	EndGlobalSection
EndGlobal
