
Microsoft Visual Studio Solution File, Format Version 12.00
# Visual Studio 15
VisualStudioVersion = 15.0.26403.7
MinimumVisualStudioVersion = 10.0.40219.1
Project("{FAE04EC0-301F-11D3-BF4B-00C04F79EFBC}") = "Xenko.Metrics", "Xenko.Metrics\Xenko.Metrics.csproj", "{86EF9F59-83A1-4408-8679-4A7A0BD786D1}"
EndProject
Project("{FAE04EC0-301F-11D3-BF4B-00C04F79EFBC}") = "Xenko.Metrics.ServerApp", "Xenko.Metrics.ServerApp\Xenko.Metrics.ServerApp.csproj", "{B328C97C-3321-454F-8A49-66DBA9DAA023}"
EndProject
Global
	GlobalSection(SolutionConfigurationPlatforms) = preSolution
		Debug|Any CPU = Debug|Any CPU
		Release|Any CPU = Release|Any CPU
	EndGlobalSection
	GlobalSection(ProjectConfigurationPlatforms) = postSolution
		{86EF9F59-83A1-4408-8679-4A7A0BD786D1}.Debug|Any CPU.ActiveCfg = Debug|Any CPU
		{86EF9F59-83A1-4408-8679-4A7A0BD786D1}.Debug|Any CPU.Build.0 = Debug|Any CPU
		{86EF9F59-83A1-4408-8679-4A7A0BD786D1}.Release|Any CPU.ActiveCfg = Release|Any CPU
		{86EF9F59-83A1-4408-8679-4A7A0BD786D1}.Release|Any CPU.Build.0 = Release|Any CPU
		{B328C97C-3321-454F-8A49-66DBA9DAA023}.Debug|Any CPU.ActiveCfg = Debug|Any CPU
		{B328C97C-3321-454F-8A49-66DBA9DAA023}.Debug|Any CPU.Build.0 = Debug|Any CPU
		{B328C97C-3321-454F-8A49-66DBA9DAA023}.Release|Any CPU.ActiveCfg = Release|Any CPU
		{B328C97C-3321-454F-8A49-66DBA9DAA023}.Release|Any CPU.Build.0 = Release|Any CPU
	EndGlobalSection
	GlobalSection(SolutionProperties) = preSolution
		HideSolutionNode = FALSE
	EndGlobalSection
EndGlobal
