Microsoft Visual Studio Solution File, Format Version 12.00
# Visual Studio Version 17
VisualStudioVersion = 17.5.2.0
MinimumVisualStudioVersion = 10.0.40219.1
Project("{2150E333-8FDC-42A3-9474-1A3956D46DE8}") = "BepuSample", "BepuSample", "{371B7D75-6C6D-8429-50FD-80E62E84AEC4}"
EndProject
Project("{2150E333-8FDC-42A3-9474-1A3956D46DE8}") = "PhysicsSample", "PhysicsSample", "{F95F7B7B-F29E-9C12-0A12-2FC68B2FC4D3}"
EndProject
Project("{FAE04EC0-301F-11D3-BF4B-00C04F79EFBC}") = "Stride.BepuSample", "BepuSample\Stride.BepuSample\Stride.BepuSample.csproj", "{5F85B846-2017-E8C4-A9A1-57A6A84F70EA}"
EndProject
Project("{FAE04EC0-301F-11D3-BF4B-00C04F79EFBC}") = "Stride.BepuSample.Windows", "BepuSample\Stride.BepuSample.Windows\Stride.BepuSample.Windows.csproj", "{F3A332A1-11DA-1532-4FE6-91A671501F25}"
EndProject
Project("{FAE04EC0-301F-11D3-BF4B-00C04F79EFBC}") = "PhysicsSample.Game", "PhysicsSample\PhysicsSample.Game\PhysicsSample.Game.csproj", "{7D53D0B9-38D5-9B90-4800-E3B873C5C31C}"
EndProject
Project("{FAE04EC0-301F-11D3-BF4B-00C04F79EFBC}") = "PhysicsSample.Windows", "PhysicsSample\PhysicsSample.Windows\PhysicsSample.Windows.csproj", "{3F5AC5C0-5370-89E2-9107-031A0FDD3AF5}"
EndProject
Global
	GlobalSection(SolutionConfigurationPlatforms) = preSolution
		Debug|Any CPU = Debug|Any CPU
		Release|Any CPU = Release|Any CPU
	EndGlobalSection
	GlobalSection(ProjectConfigurationPlatforms) = postSolution
		{5F85B846-2017-E8C4-A9A1-57A6A84F70EA}.Debug|Any CPU.ActiveCfg = Debug|Any CPU
		{5F85B846-2017-E8C4-A9A1-57A6A84F70EA}.Debug|Any CPU.Build.0 = Debug|Any CPU
		{5F85B846-2017-E8C4-A9A1-57A6A84F70EA}.Release|Any CPU.ActiveCfg = Release|Any CPU
		{5F85B846-2017-E8C4-A9A1-57A6A84F70EA}.Release|Any CPU.Build.0 = Release|Any CPU
		{F3A332A1-11DA-1532-4FE6-91A671501F25}.Debug|Any CPU.ActiveCfg = Debug|Any CPU
		{F3A332A1-11DA-1532-4FE6-91A671501F25}.Debug|Any CPU.Build.0 = Debug|Any CPU
		{F3A332A1-11DA-1532-4FE6-91A671501F25}.Release|Any CPU.ActiveCfg = Release|Any CPU
		{F3A332A1-11DA-1532-4FE6-91A671501F25}.Release|Any CPU.Build.0 = Release|Any CPU
		{7D53D0B9-38D5-9B90-4800-E3B873C5C31C}.Debug|Any CPU.ActiveCfg = Debug|Any CPU
		{7D53D0B9-38D5-9B90-4800-E3B873C5C31C}.Debug|Any CPU.Build.0 = Debug|Any CPU
		{7D53D0B9-38D5-9B90-4800-E3B873C5C31C}.Release|Any CPU.ActiveCfg = Release|Any CPU
		{7D53D0B9-38D5-9B90-4800-E3B873C5C31C}.Release|Any CPU.Build.0 = Release|Any CPU
		{3F5AC5C0-5370-89E2-9107-031A0FDD3AF5}.Debug|Any CPU.ActiveCfg = Debug|Any CPU
		{3F5AC5C0-5370-89E2-9107-031A0FDD3AF5}.Debug|Any CPU.Build.0 = Debug|Any CPU
		{3F5AC5C0-5370-89E2-9107-031A0FDD3AF5}.Release|Any CPU.ActiveCfg = Release|Any CPU
		{3F5AC5C0-5370-89E2-9107-031A0FDD3AF5}.Release|Any CPU.Build.0 = Release|Any CPU
	EndGlobalSection
	GlobalSection(SolutionProperties) = preSolution
		HideSolutionNode = FALSE
	EndGlobalSection
	GlobalSection(NestedProjects) = preSolution
		{5F85B846-2017-E8C4-A9A1-57A6A84F70EA} = {371B7D75-6C6D-8429-50FD-80E62E84AEC4}
		{F3A332A1-11DA-1532-4FE6-91A671501F25} = {371B7D75-6C6D-8429-50FD-80E62E84AEC4}
		{7D53D0B9-38D5-9B90-4800-E3B873C5C31C} = {F95F7B7B-F29E-9C12-0A12-2FC68B2FC4D3}
		{3F5AC5C0-5370-89E2-9107-031A0FDD3AF5} = {F95F7B7B-F29E-9C12-0A12-2FC68B2FC4D3}
	EndGlobalSection
	GlobalSection(ExtensibilityGlobals) = postSolution
		SolutionGuid = {9EC5E47F-F9D1-4E06-98F3-0671D5CC13B3}
	EndGlobalSection
EndGlobal
