
Microsoft Visual Studio Solution File, Format Version 12.00
# Visual Studio Version 17
VisualStudioVersion = 17.0.32112.339
MinimumVisualStudioVersion = 16.0.0.0
Project("{9A19103F-16F7-4668-BE54-9A1E7A4F7556}") = "CSharpIntermediate.Windows", "CSharpIntermediate\CSharpIntermediate.Windows\CSharpIntermediate.Windows.csproj", "{24272B11-2C32-4380-A220-8CEC19311DAE}"
	ProjectSection(ProjectDependencies) = postProject
		{AC86952F-4671-4E55-BC45-24B3D1D5D6AD} = {AC86952F-4671-4E55-BC45-24B3D1D5D6AD}
	EndProjectSection
EndProject
Project("{9A19103F-16F7-4668-BE54-9A1E7A4F7556}") = "CSharpIntermediate.Game", "CSharpIntermediate\CSharpIntermediate.Game\CSharpIntermediate.Game.csproj", "{3E6CE5BD-34D1-4249-BFDF-833697807E14}"
EndProject
Project("{2150E333-8FDC-42A3-9474-1A3956D46DE8}") = "CSharpIntermediate", "CSharpIntermediate", "{6C0E4C34-E917-4813-BAE7-8045C794AF93}"
EndProject
Project("{9A19103F-16F7-4668-BE54-9A1E7A4F7556}") = "SamplesAssetPackage", "..\..\Templates\Packs\SamplesAssetPackage\SamplesAssetPackage.csproj", "{AC86952F-4671-4E55-BC45-24B3D1D5D6AD}"
EndProject
Project("{2150E333-8FDC-42A3-9474-1A3956D46DE8}") = "Solution Items", "Solution Items", "{6E7ADAB8-CE8C-4861-88AB-8ED2715AA8D0}"
	ProjectSection(SolutionItems) = preProject
		..\..\..\.editorconfig = ..\..\..\.editorconfig
	EndProjectSection
EndProject
Project("{9A19103F-16F7-4668-BE54-9A1E7A4F7556}") = "mannequinModel", "..\..\Templates\Packs\mannequinModel\mannequinModel.csproj", "{B6C4CD1E-2A98-45EB-8423-10EA60E1B775}"
EndProject
Project("{9A19103F-16F7-4668-BE54-9A1E7A4F7556}") = "PrototypingBlocks", "..\..\Templates\Packs\PrototypingBlocks\PrototypingBlocks.csproj", "{D2135214-A04E-4E17-B3BA-7099225B023D}"
EndProject
Global
	GlobalSection(SolutionConfigurationPlatforms) = preSolution
		Debug|Any CPU = Debug|Any CPU
		Release|Any CPU = Release|Any CPU
	EndGlobalSection
	GlobalSection(ProjectConfigurationPlatforms) = postSolution
		{24272B11-2C32-4380-A220-8CEC19311DAE}.Debug|Any CPU.ActiveCfg = Debug|Any CPU
		{24272B11-2C32-4380-A220-8CEC19311DAE}.Debug|Any CPU.Build.0 = Debug|Any CPU
		{24272B11-2C32-4380-A220-8CEC19311DAE}.Release|Any CPU.ActiveCfg = Release|Any CPU
		{24272B11-2C32-4380-A220-8CEC19311DAE}.Release|Any CPU.Build.0 = Release|Any CPU
		{3E6CE5BD-34D1-4249-BFDF-833697807E14}.Debug|Any CPU.ActiveCfg = Debug|Any CPU
		{3E6CE5BD-34D1-4249-BFDF-833697807E14}.Debug|Any CPU.Build.0 = Debug|Any CPU
		{3E6CE5BD-34D1-4249-BFDF-833697807E14}.Release|Any CPU.ActiveCfg = Release|Any CPU
		{3E6CE5BD-34D1-4249-BFDF-833697807E14}.Release|Any CPU.Build.0 = Release|Any CPU
		{AC86952F-4671-4E55-BC45-24B3D1D5D6AD}.Debug|Any CPU.ActiveCfg = Debug|Any CPU
		{AC86952F-4671-4E55-BC45-24B3D1D5D6AD}.Debug|Any CPU.Build.0 = Debug|Any CPU
		{AC86952F-4671-4E55-BC45-24B3D1D5D6AD}.Release|Any CPU.ActiveCfg = Release|Any CPU
		{AC86952F-4671-4E55-BC45-24B3D1D5D6AD}.Release|Any CPU.Build.0 = Release|Any CPU
		{B6C4CD1E-2A98-45EB-8423-10EA60E1B775}.Debug|Any CPU.ActiveCfg = Debug|Any CPU
		{B6C4CD1E-2A98-45EB-8423-10EA60E1B775}.Debug|Any CPU.Build.0 = Debug|Any CPU
		{B6C4CD1E-2A98-45EB-8423-10EA60E1B775}.Release|Any CPU.ActiveCfg = Release|Any CPU
		{B6C4CD1E-2A98-45EB-8423-10EA60E1B775}.Release|Any CPU.Build.0 = Release|Any CPU
		{D2135214-A04E-4E17-B3BA-7099225B023D}.Debug|Any CPU.ActiveCfg = Debug|Any CPU
		{D2135214-A04E-4E17-B3BA-7099225B023D}.Debug|Any CPU.Build.0 = Debug|Any CPU
		{D2135214-A04E-4E17-B3BA-7099225B023D}.Release|Any CPU.ActiveCfg = Release|Any CPU
		{D2135214-A04E-4E17-B3BA-7099225B023D}.Release|Any CPU.Build.0 = Release|Any CPU
	EndGlobalSection
	GlobalSection(SolutionProperties) = preSolution
		HideSolutionNode = FALSE
	EndGlobalSection
	GlobalSection(NestedProjects) = preSolution
		{24272B11-2C32-4380-A220-8CEC19311DAE} = {6C0E4C34-E917-4813-BAE7-8045C794AF93}
		{3E6CE5BD-34D1-4249-BFDF-833697807E14} = {6C0E4C34-E917-4813-BAE7-8045C794AF93}
	EndGlobalSection
	GlobalSection(ExtensibilityGlobals) = postSolution
		SolutionGuid = {EAC75442-D21F-4E64-85C2-FF9350472B4F}
	EndGlobalSection
EndGlobal
