
Microsoft Visual Studio Solution File, Format Version 12.00
# Visual Studio 2013
VisualStudioVersion = 12.0.30723.0
MinimumVisualStudioVersion = 10.0.40219.1
Project("{2150E333-8FDC-42A3-9474-1A3956D46DE8}") = "VRSandbox", "VRSandbox", "{2FD8E3C1-D573-48AF-8AEB-3F8D053F7D0D}"
	ProjectSection(StridePackage) = preProject
		VRSandbox/VRSandbox.sdpkg = VRSandbox/VRSandbox.sdpkg
	EndProjectSection
EndProject
Project("{FAE04EC0-301F-11D3-BF4B-00C04F79EFBC}") = "VRSandbox.Windows", "VRSandbox\VRSandbox.Windows\VRSandbox.Windows.csproj", "{BD079676-2C54-43C7-8476-14B007EE6780}"
EndProject
Project("{FAE04EC0-301F-11D3-BF4B-00C04F79EFBC}") = "VRSandbox.Game", "VRSandbox\VRSandbox.Game\VRSandbox.Game.csproj", "{577D2166-5B06-4119-96CF-70D6C1716A2F}"
EndProject
Project("{2150E333-8FDC-42A3-9474-1A3956D46DE8}") = "mannequinModel", "mannequinModel", "{EC64FD24-824F-4DA4-B077-3661CF988027}"
	ProjectSection(StridePackage) = preProject
		../Packs/mannequinModel/mannequinModel/mannequinModel.sdpkg = ../Packs/mannequinModel/mannequinModel/mannequinModel.sdpkg
	EndProjectSection
EndProject
Project("{2150E333-8FDC-42A3-9474-1A3956D46DE8}") = "SamplesAssetPackage", "SamplesAssetPackage", "{BDD7A38F-3FF5-4279-B7B7-27A4C677F4D7}"
	ProjectSection(StridePackage) = preProject
		../Packs/SamplesAssetPackage/SamplesAssetPackage.sdpkg = ../Packs/SamplesAssetPackage/SamplesAssetPackage.sdpkg
	EndProjectSection
EndProject
Global
	GlobalSection(SolutionConfigurationPlatforms) = preSolution
		AppStore|Any CPU = AppStore|Any CPU
		AppStore|Mixed Platforms = AppStore|Mixed Platforms
		AppStore|Windows = AppStore|Windows
		CoreCLR_Debug|Any CPU = CoreCLR_Debug|Any CPU
		CoreCLR_Debug|Mixed Platforms = CoreCLR_Debug|Mixed Platforms
		CoreCLR_Debug|Windows = CoreCLR_Debug|Windows
		CoreCLR_Release|Any CPU = CoreCLR_Release|Any CPU
		CoreCLR_Release|Mixed Platforms = CoreCLR_Release|Mixed Platforms
		CoreCLR_Release|Windows = CoreCLR_Release|Windows
		Debug|Any CPU = Debug|Any CPU
		Debug|Mixed Platforms = Debug|Mixed Platforms
		Debug|Windows = Debug|Windows
		Release|Any CPU = Release|Any CPU
		Release|Mixed Platforms = Release|Mixed Platforms
		Release|Windows = Release|Windows
		Testing|Any CPU = Testing|Any CPU
		Testing|Mixed Platforms = Testing|Mixed Platforms
		Testing|Windows = Testing|Windows
	EndGlobalSection
	GlobalSection(ProjectConfigurationPlatforms) = postSolution
		{BD079676-2C54-43C7-8476-14B007EE6780}.AppStore|Any CPU.ActiveCfg = AppStore|Any CPU
		{BD079676-2C54-43C7-8476-14B007EE6780}.AppStore|Any CPU.Build.0 = AppStore|Any CPU
		{BD079676-2C54-43C7-8476-14B007EE6780}.AppStore|Any CPU.Deploy.0 = AppStore|Any CPU
		{BD079676-2C54-43C7-8476-14B007EE6780}.AppStore|Mixed Platforms.ActiveCfg = AppStore|Any CPU
		{BD079676-2C54-43C7-8476-14B007EE6780}.AppStore|Mixed Platforms.Build.0 = AppStore|Any CPU
		{BD079676-2C54-43C7-8476-14B007EE6780}.AppStore|Mixed Platforms.Deploy.0 = AppStore|Any CPU
		{BD079676-2C54-43C7-8476-14B007EE6780}.AppStore|Windows.ActiveCfg = AppStore|Any CPU
		{BD079676-2C54-43C7-8476-14B007EE6780}.AppStore|Windows.Build.0 = AppStore|Any CPU
		{BD079676-2C54-43C7-8476-14B007EE6780}.AppStore|Windows.Deploy.0 = AppStore|Any CPU
		{BD079676-2C54-43C7-8476-14B007EE6780}.CoreCLR_Debug|Any CPU.ActiveCfg = CoreCLR_Debug|Any CPU
		{BD079676-2C54-43C7-8476-14B007EE6780}.CoreCLR_Debug|Any CPU.Build.0 = CoreCLR_Debug|Any CPU
		{BD079676-2C54-43C7-8476-14B007EE6780}.CoreCLR_Debug|Any CPU.Deploy.0 = CoreCLR_Debug|Any CPU
		{BD079676-2C54-43C7-8476-14B007EE6780}.CoreCLR_Debug|Mixed Platforms.ActiveCfg = CoreCLR_Debug|Any CPU
		{BD079676-2C54-43C7-8476-14B007EE6780}.CoreCLR_Debug|Mixed Platforms.Build.0 = CoreCLR_Debug|Any CPU
		{BD079676-2C54-43C7-8476-14B007EE6780}.CoreCLR_Debug|Mixed Platforms.Deploy.0 = CoreCLR_Debug|Any CPU
		{BD079676-2C54-43C7-8476-14B007EE6780}.CoreCLR_Debug|Windows.ActiveCfg = CoreCLR_Debug|Any CPU
		{BD079676-2C54-43C7-8476-14B007EE6780}.CoreCLR_Debug|Windows.Build.0 = CoreCLR_Debug|Any CPU
		{BD079676-2C54-43C7-8476-14B007EE6780}.CoreCLR_Debug|Windows.Deploy.0 = CoreCLR_Debug|Any CPU
		{BD079676-2C54-43C7-8476-14B007EE6780}.CoreCLR_Release|Any CPU.ActiveCfg = CoreCLR_Release|Any CPU
		{BD079676-2C54-43C7-8476-14B007EE6780}.CoreCLR_Release|Any CPU.Build.0 = CoreCLR_Release|Any CPU
		{BD079676-2C54-43C7-8476-14B007EE6780}.CoreCLR_Release|Any CPU.Deploy.0 = CoreCLR_Release|Any CPU
		{BD079676-2C54-43C7-8476-14B007EE6780}.CoreCLR_Release|Mixed Platforms.ActiveCfg = CoreCLR_Release|Any CPU
		{BD079676-2C54-43C7-8476-14B007EE6780}.CoreCLR_Release|Mixed Platforms.Build.0 = CoreCLR_Release|Any CPU
		{BD079676-2C54-43C7-8476-14B007EE6780}.CoreCLR_Release|Mixed Platforms.Deploy.0 = CoreCLR_Release|Any CPU
		{BD079676-2C54-43C7-8476-14B007EE6780}.CoreCLR_Release|Windows.ActiveCfg = CoreCLR_Release|Any CPU
		{BD079676-2C54-43C7-8476-14B007EE6780}.CoreCLR_Release|Windows.Build.0 = CoreCLR_Release|Any CPU
		{BD079676-2C54-43C7-8476-14B007EE6780}.CoreCLR_Release|Windows.Deploy.0 = CoreCLR_Release|Any CPU
		{BD079676-2C54-43C7-8476-14B007EE6780}.Debug|Any CPU.ActiveCfg = Debug|Any CPU
		{BD079676-2C54-43C7-8476-14B007EE6780}.Debug|Any CPU.Build.0 = Debug|Any CPU
		{BD079676-2C54-43C7-8476-14B007EE6780}.Debug|Any CPU.Deploy.0 = Debug|Any CPU
		{BD079676-2C54-43C7-8476-14B007EE6780}.Debug|Mixed Platforms.ActiveCfg = Debug|Any CPU
		{BD079676-2C54-43C7-8476-14B007EE6780}.Debug|Mixed Platforms.Build.0 = Debug|Any CPU
		{BD079676-2C54-43C7-8476-14B007EE6780}.Debug|Mixed Platforms.Deploy.0 = Debug|Any CPU
		{BD079676-2C54-43C7-8476-14B007EE6780}.Debug|Windows.ActiveCfg = Debug|Any CPU
		{BD079676-2C54-43C7-8476-14B007EE6780}.Debug|Windows.Build.0 = Debug|Any CPU
		{BD079676-2C54-43C7-8476-14B007EE6780}.Debug|Windows.Deploy.0 = Debug|Any CPU
		{BD079676-2C54-43C7-8476-14B007EE6780}.Release|Any CPU.ActiveCfg = Release|Any CPU
		{BD079676-2C54-43C7-8476-14B007EE6780}.Release|Any CPU.Build.0 = Release|Any CPU
		{BD079676-2C54-43C7-8476-14B007EE6780}.Release|Any CPU.Deploy.0 = Release|Any CPU
		{BD079676-2C54-43C7-8476-14B007EE6780}.Release|Mixed Platforms.ActiveCfg = Release|Any CPU
		{BD079676-2C54-43C7-8476-14B007EE6780}.Release|Mixed Platforms.Build.0 = Release|Any CPU
		{BD079676-2C54-43C7-8476-14B007EE6780}.Release|Mixed Platforms.Deploy.0 = Release|Any CPU
		{BD079676-2C54-43C7-8476-14B007EE6780}.Release|Windows.ActiveCfg = Release|Any CPU
		{BD079676-2C54-43C7-8476-14B007EE6780}.Release|Windows.Build.0 = Release|Any CPU
		{BD079676-2C54-43C7-8476-14B007EE6780}.Release|Windows.Deploy.0 = Release|Any CPU
		{BD079676-2C54-43C7-8476-14B007EE6780}.Testing|Any CPU.ActiveCfg = Testing|Any CPU
		{BD079676-2C54-43C7-8476-14B007EE6780}.Testing|Any CPU.Build.0 = Testing|Any CPU
		{BD079676-2C54-43C7-8476-14B007EE6780}.Testing|Any CPU.Deploy.0 = Testing|Any CPU
		{BD079676-2C54-43C7-8476-14B007EE6780}.Testing|Mixed Platforms.ActiveCfg = Testing|Any CPU
		{BD079676-2C54-43C7-8476-14B007EE6780}.Testing|Mixed Platforms.Build.0 = Testing|Any CPU
		{BD079676-2C54-43C7-8476-14B007EE6780}.Testing|Mixed Platforms.Deploy.0 = Testing|Any CPU
		{BD079676-2C54-43C7-8476-14B007EE6780}.Testing|Windows.ActiveCfg = Testing|Any CPU
		{BD079676-2C54-43C7-8476-14B007EE6780}.Testing|Windows.Build.0 = Testing|Any CPU
		{BD079676-2C54-43C7-8476-14B007EE6780}.Testing|Windows.Deploy.0 = Testing|Any CPU
		{577D2166-5B06-4119-96CF-70D6C1716A2F}.AppStore|Any CPU.ActiveCfg = AppStore|Any CPU
		{577D2166-5B06-4119-96CF-70D6C1716A2F}.AppStore|Any CPU.Build.0 = AppStore|Any CPU
		{577D2166-5B06-4119-96CF-70D6C1716A2F}.AppStore|Mixed Platforms.ActiveCfg = AppStore|Any CPU
		{577D2166-5B06-4119-96CF-70D6C1716A2F}.AppStore|Mixed Platforms.Build.0 = AppStore|Any CPU
		{577D2166-5B06-4119-96CF-70D6C1716A2F}.AppStore|Windows.ActiveCfg = AppStore|Any CPU
		{577D2166-5B06-4119-96CF-70D6C1716A2F}.AppStore|Windows.Build.0 = AppStore|Any CPU
		{577D2166-5B06-4119-96CF-70D6C1716A2F}.CoreCLR_Debug|Any CPU.ActiveCfg = CoreCLR_Debug|Any CPU
		{577D2166-5B06-4119-96CF-70D6C1716A2F}.CoreCLR_Debug|Any CPU.Build.0 = CoreCLR_Debug|Any CPU
		{577D2166-5B06-4119-96CF-70D6C1716A2F}.CoreCLR_Debug|Mixed Platforms.ActiveCfg = CoreCLR_Debug|Any CPU
		{577D2166-5B06-4119-96CF-70D6C1716A2F}.CoreCLR_Debug|Mixed Platforms.Build.0 = CoreCLR_Debug|Any CPU
		{577D2166-5B06-4119-96CF-70D6C1716A2F}.CoreCLR_Debug|Windows.ActiveCfg = CoreCLR_Debug|Any CPU
		{577D2166-5B06-4119-96CF-70D6C1716A2F}.CoreCLR_Debug|Windows.Build.0 = CoreCLR_Debug|Any CPU
		{577D2166-5B06-4119-96CF-70D6C1716A2F}.CoreCLR_Release|Any CPU.ActiveCfg = CoreCLR_Release|Any CPU
		{577D2166-5B06-4119-96CF-70D6C1716A2F}.CoreCLR_Release|Any CPU.Build.0 = CoreCLR_Release|Any CPU
		{577D2166-5B06-4119-96CF-70D6C1716A2F}.CoreCLR_Release|Mixed Platforms.ActiveCfg = CoreCLR_Release|Any CPU
		{577D2166-5B06-4119-96CF-70D6C1716A2F}.CoreCLR_Release|Mixed Platforms.Build.0 = CoreCLR_Release|Any CPU
		{577D2166-5B06-4119-96CF-70D6C1716A2F}.CoreCLR_Release|Windows.ActiveCfg = CoreCLR_Release|Any CPU
		{577D2166-5B06-4119-96CF-70D6C1716A2F}.CoreCLR_Release|Windows.Build.0 = CoreCLR_Release|Any CPU
		{577D2166-5B06-4119-96CF-70D6C1716A2F}.Debug|Any CPU.ActiveCfg = Debug|Any CPU
		{577D2166-5B06-4119-96CF-70D6C1716A2F}.Debug|Any CPU.Build.0 = Debug|Any CPU
		{577D2166-5B06-4119-96CF-70D6C1716A2F}.Debug|Mixed Platforms.ActiveCfg = Debug|Any CPU
		{577D2166-5B06-4119-96CF-70D6C1716A2F}.Debug|Mixed Platforms.Build.0 = Debug|Any CPU
		{577D2166-5B06-4119-96CF-70D6C1716A2F}.Debug|Windows.ActiveCfg = Debug|Any CPU
		{577D2166-5B06-4119-96CF-70D6C1716A2F}.Debug|Windows.Build.0 = Debug|Any CPU
		{577D2166-5B06-4119-96CF-70D6C1716A2F}.Release|Any CPU.ActiveCfg = Release|Any CPU
		{577D2166-5B06-4119-96CF-70D6C1716A2F}.Release|Any CPU.Build.0 = Release|Any CPU
		{577D2166-5B06-4119-96CF-70D6C1716A2F}.Release|Mixed Platforms.ActiveCfg = Release|Any CPU
		{577D2166-5B06-4119-96CF-70D6C1716A2F}.Release|Mixed Platforms.Build.0 = Release|Any CPU
		{577D2166-5B06-4119-96CF-70D6C1716A2F}.Release|Windows.ActiveCfg = Release|Any CPU
		{577D2166-5B06-4119-96CF-70D6C1716A2F}.Release|Windows.Build.0 = Release|Any CPU
		{577D2166-5B06-4119-96CF-70D6C1716A2F}.Testing|Any CPU.ActiveCfg = Testing|Any CPU
		{577D2166-5B06-4119-96CF-70D6C1716A2F}.Testing|Any CPU.Build.0 = Testing|Any CPU
		{577D2166-5B06-4119-96CF-70D6C1716A2F}.Testing|Mixed Platforms.ActiveCfg = Testing|Any CPU
		{577D2166-5B06-4119-96CF-70D6C1716A2F}.Testing|Mixed Platforms.Build.0 = Testing|Any CPU
		{577D2166-5B06-4119-96CF-70D6C1716A2F}.Testing|Windows.ActiveCfg = Testing|Any CPU
		{577D2166-5B06-4119-96CF-70D6C1716A2F}.Testing|Windows.Build.0 = Testing|Any CPU
	EndGlobalSection
	GlobalSection(NestedProjects) = preSolution
		{BD079676-2C54-43C7-8476-14B007EE6780} = {2FD8E3C1-D573-48AF-8AEB-3F8D053F7D0D}
		{577D2166-5B06-4119-96CF-70D6C1716A2F} = {2FD8E3C1-D573-48AF-8AEB-3F8D053F7D0D}
	EndGlobalSection
EndGlobal
